# This file is generated by running "yarn install" inside your project.
# Manual changes might be lost - proceed with caution!

__metadata:
  version: 6
  cacheKey: 8

"@types/node@npm:^18.0.4":
  version: 18.0.4
  resolution: "@types/node@npm:18.0.4"
  checksum: 981284fd57941f233f0e77038087c122f56e3c2b4fc4e090dfc7f0a93abfc526d5ccdd59eb3ef551d713245cf3943e37c7b957f12ba699209341a447c39fab59
  languageName: node
  linkType: hard

"automod@workspace:.":
  version: 0.0.0-use.local
  resolution: "automod@workspace:."
  dependencies:
    "@types/node": ^18.0.4
    typescript: ^4.7.4
  languageName: unknown
  linkType: soft

"typescript@npm:^4.7.4":
  version: 4.7.4
  resolution: "typescript@npm:4.7.4"
  bin:
    tsc: bin/tsc
    tsserver: bin/tsserver
  checksum: 5750181b1cd7e6482c4195825547e70f944114fb47e58e4aa7553e62f11b3f3173766aef9c281783edfd881f7b8299cf35e3ca8caebe73d8464528c907a164df
  languageName: node
  linkType: hard

"typescript@patch:typescript@^4.7.4#~builtin<compat/typescript>":
  version: 4.7.4
  resolution: "typescript@patch:typescript@npm%3A4.7.4#~builtin<compat/typescript>::version=4.7.4&hash=7ad353"
  bin:
    tsc: bin/tsc
    tsserver: bin/tsserver
  checksum: 9096d8f6c16cb80ef3bf96fcbbd055bf1c4a43bd14f3b7be45a9fbe7ada46ec977f604d5feed3263b4f2aa7d4c7477ce5f9cd87de0d6feedec69a983f3a4f93e
  languageName: node
  linkType: hard
