# This file is generated by running "yarn install" inside your project.
# Manual changes might be lost - proceed with caution!

__metadata:
  version: 6
  cacheKey: 8

"@types/node@npm:^18.0.4":
  version: 18.0.4
  resolution: "@types/node@npm:18.0.4"
  checksum: 981284fd57941f233f0e77038087c122f56e3c2b4fc4e090dfc7f0a93abfc526d5ccdd59eb3ef551d713245cf3943e37c7b957f12ba699209341a447c39fab59
  languageName: node
  linkType: hard

"automod@workspace:.":
  version: 0.0.0-use.local
  resolution: "automod@workspace:."
  dependencies:
    "@types/node": ^18.0.4
  languageName: unknown
  linkType: soft
