# THIS IS AN AUTOGENERATED FILE. DO NOT EDIT THIS FILE DIRECTLY.
# yarn lockfile v1


"@types/node@^18.0.4":
  version "18.0.4"
  resolved "https://registry.yarnpkg.com/@types/node/-/node-18.0.4.tgz#48aedbf35efb3af1248e4cd4d792c730290cd5d6"
  integrity sha512-M0+G6V0Y4YV8cqzHssZpaNCqvYwlCiulmm0PwpNLF55r/+cT8Ol42CHRU1SEaYFH2rTwiiE1aYg/2g2rrtGdPA==
