# This file is generated by running "yarn install" inside your project.
# Manual changes might be lost - proceed with caution!

__metadata:
  version: 6
  cacheKey: 8

"@discordjs/builders@npm:^0.8.1":
  version: 0.8.2
  resolution: "@discordjs/builders@npm:0.8.2"
  dependencies:
    "@sindresorhus/is": ^4.2.0
    discord-api-types: ^0.24.0
    ow: ^0.27.0
    ts-mixer: ^6.0.0
    tslib: ^2.3.1
  checksum: 6c2f6ee427b0f577ad8b7dd4e4bbaf15c4083385bef983243b9223f68dd7c02715a8fc40aac1b943e667bbba4e262f0c776ae5bc3b0c24bd2faf3eac9c89a58c
  languageName: node
  linkType: hard

"@discordjs/collection@npm:^0.3.2":
  version: 0.3.2
  resolution: "@discordjs/collection@npm:0.3.2"
  checksum: 77def13598fce0f33cdd1e45e0e57b4452a1fa348e30d7d3a3b5a56409def4c4785462828b163aea83d659b93412d5dc18c22c85eff499dfc11c24011e8b18e6
  languageName: node
  linkType: hard

"@discordjs/form-data@npm:^3.0.1":
  version: 3.0.1
  resolution: "@discordjs/form-data@npm:3.0.1"
  dependencies:
    asynckit: ^0.4.0
    combined-stream: ^1.0.8
    mime-types: ^2.1.12
  checksum: 2b431b1a14f8ac521e1c13567856cef7e61e05aafe2721e03d9e074bb7e5f45c89fc123b126964943edf301ec612d04515dcf068ea9773a2e30a99a844c00603
  languageName: node
  linkType: hard

"@insertish/exponential-backoff@npm:3.1.0-patch.2":
  version: 3.1.0-patch.2
  resolution: "@insertish/exponential-backoff@npm:3.1.0-patch.2"
  checksum: 510a531965965c8cc633a91653ca09ffa8408925eb403d07c072bed065ec8ce429b4fd42fb0639a3dbee73d300d4422c306ebaaab3292b06778a224a2b5b0bf1
  languageName: node
  linkType: hard

"@insertish/isomorphic-ws@npm:^4.0.1":
  version: 4.0.1
  resolution: "@insertish/isomorphic-ws@npm:4.0.1"
  peerDependencies:
    ws: "*"
  checksum: 64e6464b379784d0c8df31868eb8301b3e3827f91131755c38f66a007fcd791314c6ef49f3ead37bb5d62cc7fd52f2171b2e0ce04564a744905f72d3cd86f1ba
  languageName: node
  linkType: hard

"@insertish/oapi@npm:0.1.15":
  version: 0.1.15
  resolution: "@insertish/oapi@npm:0.1.15"
  dependencies:
    axios: ^0.26.1
    openapi-typescript: ^5.2.0
    typescript: ^4.6.2
  dependenciesMeta:
    axios:
      optional: true
    openapi-typescript:
      optional: true
  bin:
    oapilib: cli.js
  checksum: e4b34382f8f64eb6f5e6f9e3df6e607341031c4d4571169d7d7ad75e76f5dabc766de467f9f6a1cdd35818ce39724daa4a5ce487ccb5d069379a6dfab0faf8b6
  languageName: node
  linkType: hard

"@janderedev/revolt.js@npm:^6.0.0-2-patch.1":
  version: 6.0.0-2-patch.1
  resolution: "@janderedev/revolt.js@npm:6.0.0-2-patch.1"
  dependencies:
    "@insertish/exponential-backoff": 3.1.0-patch.2
    "@insertish/isomorphic-ws": ^4.0.1
    axios: ^0.21.4
    eventemitter3: ^4.0.7
    lodash.defaultsdeep: ^4.6.1
    lodash.flatten: ^4.4.0
    lodash.isequal: ^4.5.0
    long: ^5.2.0
    mobx: ^6.3.2
    revolt-api: 0.5.3-5-patch.3
    ulid: ^2.3.0
    ws: ^8.2.2
  checksum: 84396c99e0bef2ca84e77caf00816e9d1a14143fcecfd90cf880fb006c681a61203297b27ec259dcd82233ce37ec919cc58dc31f57eff18534c3fce19c77202f
  languageName: node
  linkType: hard

"@sapphire/async-queue@npm:^1.1.8":
  version: 1.1.9
  resolution: "@sapphire/async-queue@npm:1.1.9"
  checksum: 8a4cb79e01948ee9f99f47e9fdfdfd509353d267f9e18bb8fe8e813b5d45f1fb6de08297b4557eb9a76b95bea59abaab67819175238068cc4cbc808d1d183e9d
  languageName: node
  linkType: hard

"@sindresorhus/is@npm:^4.0.1, @sindresorhus/is@npm:^4.2.0":
  version: 4.2.0
  resolution: "@sindresorhus/is@npm:4.2.0"
  checksum: 59040dfb75c2eb6ab76e8c7ac10b7f7f6ba740f0b5ac618a89a8bcdbaf923836a8e998078d59d81f6f13f4b6bbe15bfe1bca962c877edcbe9160d1c100c56fd7
  languageName: node
  linkType: hard

"@types/bson@npm:*":
  version: 4.2.0
  resolution: "@types/bson@npm:4.2.0"
  dependencies:
    bson: "*"
  checksum: 55abf60c57b7f05655c210b386392636a299a7df18b89cec2cde0aa87374d97dd4ac9632226b0f6fe135d16ad4296ae5ddc782f6e9132d38c53dd26a6df8e704
  languageName: node
  linkType: hard

"@types/mongodb@npm:^3.5.25":
  version: 3.6.20
  resolution: "@types/mongodb@npm:3.6.20"
  dependencies:
    "@types/bson": "*"
    "@types/node": "*"
  checksum: e5397ada2ed728997f7c3f5424e8c28f682a635488be967c9c18a5de27b1641cf28bb42bc12026ac6d475c457a880e27097e13c8120350ba13219f4ccc030656
  languageName: node
  linkType: hard

"@types/monk@npm:^6.0.0":
  version: 6.0.0
  resolution: "@types/monk@npm:6.0.0"
  dependencies:
    monk: "*"
  checksum: 32fb5ef8fc850cbc7fe465e3d2f616b8fd08993652bcb3172b1d6cba473253bd59abbf93c2e774c97d20db9c3ed3659d8c04affabd2ab317e396b548b789bd79
  languageName: node
  linkType: hard

"@types/node-fetch@npm:^2.5.12":
  version: 2.5.12
  resolution: "@types/node-fetch@npm:2.5.12"
  dependencies:
    "@types/node": "*"
    form-data: ^3.0.0
  checksum: ad63c85ba6a9477b8e057ec8682257738130d98e8ece4e31141789bd99df9d9147985cc8bc0cb5c8983ed5aa6bb95d46df23d1e055f4ad5cf8b82fc69cf626c7
  languageName: node
  linkType: hard

"@types/node@npm:*":
  version: 16.10.3
  resolution: "@types/node@npm:16.10.3"
  checksum: 3fd429bce8a4acb497dcc62b536782a5e87ccf7cd91d64a78b263ae5d66cb72bf84be9eeeff6f84ae0567b065a40b267caa66d311f9e094990a5847bbd168a29
  languageName: node
  linkType: hard

"@types/ws@npm:^8.2.0":
  version: 8.2.2
  resolution: "@types/ws@npm:8.2.2"
  dependencies:
    "@types/node": "*"
  checksum: 308957864b9a5a0378ac82f1b084fa31b1bbe85106fb0d84ed2b392e4829404f21ab6ab2c1eb782d556e59cd33d57c75ad2d0cedc4b9b9d0ca3b2311bc915578
  languageName: node
  linkType: hard

"adler-32@npm:~1.2.0":
  version: 1.2.0
  resolution: "adler-32@npm:1.2.0"
  dependencies:
    exit-on-epipe: ~1.0.1
    printj: ~1.1.0
  bin:
    adler32: ./bin/adler32.njs
  checksum: aa611316fa224349b3eb1b7fcccc05195c38e425ff2b678fde67c0440b27074c42ad97b03efb7478f045b094f0dcb51a8711a2d5571d8940e1c5c52593af7bf6
  languageName: node
  linkType: hard

"adler-32@npm:~1.3.0":
  version: 1.3.0
  resolution: "adler-32@npm:1.3.0"
  dependencies:
    printj: ~1.2.2
  checksum: 91c3155198c89f1bdf87141844dcec1c463474797dbb85a04e9729a0a20047dbef35550cf6b36dc09742c612cf37437e62656a6197409b349ee457dfe712ce4d
  languageName: node
  linkType: hard

"ansi-colors@npm:^4.1.1":
  version: 4.1.1
  resolution: "ansi-colors@npm:4.1.1"
  checksum: 138d04a51076cb085da0a7e2d000c5c0bb09f6e772ed5c65c53cb118d37f6c5f1637506d7155fb5f330f0abcf6f12fa2e489ac3f8cdab9da393bf1bb4f9a32b0
  languageName: node
  linkType: hard

"argparse@npm:^2.0.1":
  version: 2.0.1
  resolution: "argparse@npm:2.0.1"
  checksum: 83644b56493e89a254bae05702abf3a1101b4fa4d0ca31df1c9985275a5a5bd47b3c27b7fa0b71098d41114d8ca000e6ed90cad764b306f8a503665e4d517ced
  languageName: node
  linkType: hard

"asynckit@npm:^0.4.0":
  version: 0.4.0
  resolution: "asynckit@npm:0.4.0"
  checksum: 7b78c451df768adba04e2d02e63e2d0bf3b07adcd6e42b4cf665cb7ce899bedd344c69a1dcbce355b5f972d597b25aaa1c1742b52cffd9caccb22f348114f6be
  languageName: node
  linkType: hard

"axios@npm:^0.21.4":
  version: 0.21.4
  resolution: "axios@npm:0.21.4"
  dependencies:
    follow-redirects: ^1.14.0
  checksum: 44245f24ac971e7458f3120c92f9d66d1fc695e8b97019139de5b0cc65d9b8104647db01e5f46917728edfc0cfd88eb30fc4c55e6053eef4ace76768ce95ff3c
  languageName: node
  linkType: hard

"axios@npm:^0.22.0":
  version: 0.22.0
  resolution: "axios@npm:0.22.0"
  dependencies:
    follow-redirects: ^1.14.4
  checksum: 83dc4d02e180f69aa9f0d1d0d50b84ec3603517230d58b4c3720ebd440c7e64ea86c5e892dc6e19061608e8e1103504a709d8baa4051c4b7652101b523d04b63
  languageName: node
  linkType: hard

"axios@npm:^0.26.1":
  version: 0.26.1
  resolution: "axios@npm:0.26.1"
  dependencies:
    follow-redirects: ^1.14.8
  checksum: d9eb58ff4bc0b36a04783fc9ff760e9245c829a5a1052ee7ca6013410d427036b1d10d04e7380c02f3508c5eaf3485b1ae67bd2adbfec3683704745c8d7a6e1a
  languageName: node
  linkType: hard

"base64-js@npm:^1.3.1":
  version: 1.5.1
  resolution: "base64-js@npm:1.5.1"
  checksum: 669632eb3745404c2f822a18fc3a0122d2f9a7a13f7fb8b5823ee19d1d2ff9ee5b52c53367176ea4ad093c332fd5ab4bd0ebae5a8e27917a4105a4cfc86b1005
  languageName: node
  linkType: hard

"bintrees@npm:1.0.1":
  version: 1.0.1
  resolution: "bintrees@npm:1.0.1"
  checksum: 71d00ce450ee7ad080a3c86ae5f05fac841bdf95c0d78f3b3bbf8f754c19d7cb732f0f9213a46ed27cbec47eb124ffe2b686bef870718a4b9918c23210b55c73
  languageName: node
  linkType: hard

"bl@npm:^2.2.1":
  version: 2.2.1
  resolution: "bl@npm:2.2.1"
  dependencies:
    readable-stream: ^2.3.5
    safe-buffer: ^5.1.1
  checksum: 4f5d9b258919646a8d02f1731379e53b6f6309e34596ae02afbc3aeb183910bd2d0b70681f889b7c620ca48f65dc1cd0992ee1266c90d6d7c3be60688d141233
  languageName: node
  linkType: hard

"bson@npm:*":
  version: 4.5.3
  resolution: "bson@npm:4.5.3"
  dependencies:
    buffer: ^5.6.0
  checksum: f01e5a19851c43a8603dcfd3964b9758632e6d778be93c70cdc8ebc490bb7a8c028480a7f0bb4fa6205283c28510f191f68bba3ebe6eb97c811412a96966491a
  languageName: node
  linkType: hard

"bson@npm:^1.1.4":
  version: 1.1.6
  resolution: "bson@npm:1.1.6"
  checksum: 75762c9b7e0b3156cb0f38c7eb9ffcade53f0b04ac87dece9cba38f6dc570d9af91251de6a8988b294063cfaa21894c60ac9e85c34176accb3674acb092d66a7
  languageName: node
  linkType: hard

"buffer@npm:^5.6.0":
  version: 5.7.1
  resolution: "buffer@npm:5.7.1"
  dependencies:
    base64-js: ^1.3.1
    ieee754: ^1.1.13
  checksum: e2cf8429e1c4c7b8cbd30834ac09bd61da46ce35f5c22a78e6c2f04497d6d25541b16881e30a019c6fd3154150650ccee27a308eff3e26229d788bbdeb08ab84
  languageName: node
  linkType: hard

"callsites@npm:^3.1.0":
  version: 3.1.0
  resolution: "callsites@npm:3.1.0"
  checksum: 072d17b6abb459c2ba96598918b55868af677154bec7e73d222ef95a8fdb9bbf7dae96a8421085cdad8cd190d86653b5b6dc55a4484f2e5b2e27d5e0c3fc15b3
  languageName: node
  linkType: hard

"cfb@npm:^1.1.4":
  version: 1.2.1
  resolution: "cfb@npm:1.2.1"
  dependencies:
    adler-32: ~1.3.0
    crc-32: ~1.2.0
    printj: ~1.3.0
  checksum: 6d21a58c07d3315a5a253a7acdd4b0238771881f42faee2c0ff6a793d5b59c7304388b3ff2c8d45da2aa9d7a87cfc5ab4f5a54bedfe3152a5ac6f63029da4efd
  languageName: node
  linkType: hard

"codepage@npm:~1.15.0":
  version: 1.15.0
  resolution: "codepage@npm:1.15.0"
  checksum: 86bdfd8f8fd4d78ace6ddab02a1621cbb4a833686fe886984b4155d99cd0287581d69495774b816ab2f571c4dc851c1595e1dbb8d69bd6dbb5a631ebf317fab0
  languageName: node
  linkType: hard

"combined-stream@npm:^1.0.8":
  version: 1.0.8
  resolution: "combined-stream@npm:1.0.8"
  dependencies:
    delayed-stream: ~1.0.0
  checksum: 49fa4aeb4916567e33ea81d088f6584749fc90c7abec76fd516bf1c5aa5c79f3584b5ba3de6b86d26ddd64bae5329c4c7479343250cfe71c75bb366eae53bb7c
  languageName: node
  linkType: hard

"commander@npm:~2.17.1":
  version: 2.17.1
  resolution: "commander@npm:2.17.1"
  checksum: 22e7ed5b422079a13a496e5eb8f73f36c15b5809d46f738e168e20f9ad485c12951bdc2cb366a36eb5f4927dae4f17b355b8adb96a5b9093f5fa4c439e8b9419
  languageName: node
  linkType: hard

"core-util-is@npm:~1.0.0":
  version: 1.0.3
  resolution: "core-util-is@npm:1.0.3"
  checksum: 9de8597363a8e9b9952491ebe18167e3b36e7707569eed0ebf14f8bba773611376466ae34575bca8cfe3c767890c859c74056084738f09d4e4a6f902b2ad7d99
  languageName: node
  linkType: hard

"crc-32@npm:~1.2.0":
  version: 1.2.0
  resolution: "crc-32@npm:1.2.0"
  dependencies:
    exit-on-epipe: ~1.0.1
    printj: ~1.1.0
  bin:
    crc32: ./bin/crc32.njs
  checksum: 7bcde8bea262f6629ac3c70e20bdfa3d058dc77091705ce8620513f76f19b41fc273ddd65a716eef9b4e33fbb61ff7f9b266653d214319aef27e4223789c6b9e
  languageName: node
  linkType: hard

"dayjs@npm:^1.10.7":
  version: 1.10.7
  resolution: "dayjs@npm:1.10.7"
  checksum: a0a4ca95abaa03d0702161dc2c35d16121188e342f5052b9c61cdf784dab68af766f477c04f87f71c6af666fd4d13db9b9853b87265850d6093b7b04e1bb1cd7
  languageName: node
  linkType: hard

"debug@npm:*":
  version: 4.3.2
  resolution: "debug@npm:4.3.2"
  dependencies:
    ms: 2.1.2
  peerDependenciesMeta:
    supports-color:
      optional: true
  checksum: 820ea160e267e23c953c9ed87e7ad93494d8cda2f7349af5e7e3bb236d23707ee3022f477d5a7d2ee86ef2bf7d60aa9ab22d1f58080d7deb9dccd073585e1e43
  languageName: node
  linkType: hard

"delayed-stream@npm:~1.0.0":
  version: 1.0.0
  resolution: "delayed-stream@npm:1.0.0"
  checksum: 46fe6e83e2cb1d85ba50bd52803c68be9bd953282fa7096f51fc29edd5d67ff84ff753c51966061e5ba7cb5e47ef6d36a91924eddb7f3f3483b1c560f77a0020
  languageName: node
  linkType: hard

"denque@npm:^1.4.1":
  version: 1.5.1
  resolution: "denque@npm:1.5.1"
  checksum: 4375ad19d5cea99f90effa82a8cecdaa10f4eb261fbcd7e47cd753ff2737f037aac8f7f4e031cc77f3966314c491c86a0d3b20c128aeee57f791b4662c45108e
  languageName: node
  linkType: hard

"discord-api-types@npm:^0.24.0":
  version: 0.24.0
  resolution: "discord-api-types@npm:0.24.0"
  checksum: b1a17cb3be4ade974193cedb92fb37e51ba8f1832dfe3ec0d188ba41f255f3dab8359c9d618d32469f1e648126258f9d6ed8828dc1cb50b74d9fd9d875f3390a
  languageName: node
  linkType: hard

"discord.js@npm:^13.3.1":
  version: 13.3.1
  resolution: "discord.js@npm:13.3.1"
  dependencies:
    "@discordjs/builders": ^0.8.1
    "@discordjs/collection": ^0.3.2
    "@discordjs/form-data": ^3.0.1
    "@sapphire/async-queue": ^1.1.8
    "@types/node-fetch": ^2.5.12
    "@types/ws": ^8.2.0
    discord-api-types: ^0.24.0
    node-fetch: ^2.6.1
    ws: ^8.2.3
  checksum: 944f03467063bde6be095f6953c9feea252aa37569c6776c59b964956d9643741bb561f1036ee7dedf385954567dce8a3cd3069772c6739de178dea0c4392bfb
  languageName: node
  linkType: hard

"dot-prop@npm:^6.0.1":
  version: 6.0.1
  resolution: "dot-prop@npm:6.0.1"
  dependencies:
    is-obj: ^2.0.0
  checksum: 0f47600a4b93e1dc37261da4e6909652c008832a5d3684b5bf9a9a0d3f4c67ea949a86dceed9b72f5733ed8e8e6383cc5958df3bbd0799ee317fd181f2ece700
  languageName: node
  linkType: hard

"dotenv@npm:^10.0.0":
  version: 10.0.0
  resolution: "dotenv@npm:10.0.0"
  checksum: f412c5fe8c24fbe313d302d2500e247ba8a1946492db405a4de4d30dd0eb186a88a43f13c958c5a7de303938949c4231c56994f97d05c4bc1f22478d631b4005
  languageName: node
  linkType: hard

"eventemitter3@npm:^4.0.7":
  version: 4.0.7
  resolution: "eventemitter3@npm:4.0.7"
  checksum: 1875311c42fcfe9c707b2712c32664a245629b42bb0a5a84439762dd0fd637fc54d078155ea83c2af9e0323c9ac13687e03cfba79b03af9f40c89b4960099374
  languageName: node
  linkType: hard

"exit-on-epipe@npm:~1.0.1":
  version: 1.0.1
  resolution: "exit-on-epipe@npm:1.0.1"
  checksum: e8ab4940416d19f311b3c9226e3725c6c4c6026fe682266ecc0ff33a455d585fe3e4ee757857c7bf1d0491b478cb232b8e395dfb438e65ac87317eda47304c32
  languageName: node
  linkType: hard

"fflate@npm:^0.7.1":
  version: 0.7.1
  resolution: "fflate@npm:0.7.1"
  checksum: 6e2a7540599ecc4a61fb8ebecae8275d0135ab4649bbd8e1937c9eea4871d108dfce72dcd9c9eefd7bfec420036e439d8a1feaa3d39acd52cc17c1da7cb7ed1e
  languageName: node
  linkType: hard

"follow-redirects@npm:^1.14.0, follow-redirects@npm:^1.14.4":
  version: 1.14.8
  resolution: "follow-redirects@npm:1.14.8"
  peerDependenciesMeta:
    debug:
      optional: true
  checksum: 40c67899c2e3149a27e8b6498a338ff27f39fe138fde8d7f0756cb44b073ba0bfec3d52af28f20c5bdd67263d564d0d8d7b5efefd431de95c18c42f7b4aef457
  languageName: node
  linkType: hard

"follow-redirects@npm:^1.14.8":
  version: 1.14.9
  resolution: "follow-redirects@npm:1.14.9"
  peerDependenciesMeta:
    debug:
      optional: true
  checksum: f5982e0eb481818642492d3ca35a86989c98af1128b8e1a62911a3410621bc15d2b079e8170b35b19d3bdee770b73ed431a257ed86195af773771145baa57845
  languageName: node
  linkType: hard

"form-data@npm:^3.0.0":
  version: 3.0.1
  resolution: "form-data@npm:3.0.1"
  dependencies:
    asynckit: ^0.4.0
    combined-stream: ^1.0.8
    mime-types: ^2.1.12
  checksum: b019e8d35c8afc14a2bd8a7a92fa4f525a4726b6d5a9740e8d2623c30e308fbb58dc8469f90415a856698933c8479b01646a9dff33c87cc4e76d72aedbbf860d
  languageName: node
  linkType: hard

"form-data@npm:^4.0.0":
  version: 4.0.0
  resolution: "form-data@npm:4.0.0"
  dependencies:
    asynckit: ^0.4.0
    combined-stream: ^1.0.8
    mime-types: ^2.1.12
  checksum: 01135bf8675f9d5c61ff18e2e2932f719ca4de964e3be90ef4c36aacfc7b9cb2fceb5eca0b7e0190e3383fe51c5b37f4cb80b62ca06a99aaabfcfd6ac7c9328c
  languageName: node
  linkType: hard

"frac@npm:~1.1.2":
  version: 1.1.2
  resolution: "frac@npm:1.1.2"
  checksum: fbfbb28003bb84506dd35e7aad8543c5a358bdc95451d0065b6127d40d2c45106f14221575c3e9ce3ea4bf0bbf1225b73c5d655965c9f4ce44332cbe1b34667d
  languageName: node
  linkType: hard

"globalyzer@npm:0.1.0":
  version: 0.1.0
  resolution: "globalyzer@npm:0.1.0"
  checksum: 419a0f95ba542534fac0842964d31b3dc2936a479b2b1a8a62bad7e8b61054faa9b0a06ad9f2e12593396b9b2621cac93358d9b3071d33723fb1778608d358a1
  languageName: node
  linkType: hard

"globrex@npm:^0.1.2":
  version: 0.1.2
  resolution: "globrex@npm:0.1.2"
  checksum: adca162494a176ce9ecf4dd232f7b802956bb1966b37f60c15e49d2e7d961b66c60826366dc2649093cad5a0d69970cfa8875bd1695b5a1a2f33dcd2aa88da3c
  languageName: node
  linkType: hard

"ieee754@npm:^1.1.13":
  version: 1.2.1
  resolution: "ieee754@npm:1.2.1"
  checksum: 5144c0c9815e54ada181d80a0b810221a253562422e7c6c3a60b1901154184f49326ec239d618c416c1c5945a2e197107aee8d986a3dd836b53dffefd99b5e7e
  languageName: node
  linkType: hard

"inherits@npm:~2.0.3":
  version: 2.0.4
  resolution: "inherits@npm:2.0.4"
  checksum: 4a48a733847879d6cf6691860a6b1e3f0f4754176e4d71494c41f3475553768b10f84b5ce1d40fbd0e34e6bfbb864ee35858ad4dd2cf31e02fc4a154b724d7f1
  languageName: node
  linkType: hard

"is-obj@npm:^2.0.0":
  version: 2.0.0
  resolution: "is-obj@npm:2.0.0"
  checksum: c9916ac8f4621962a42f5e80e7ffdb1d79a3fab7456ceaeea394cd9e0858d04f985a9ace45be44433bf605673c8be8810540fe4cc7f4266fc7526ced95af5a08
  languageName: node
  linkType: hard

"isarray@npm:~1.0.0":
  version: 1.0.0
  resolution: "isarray@npm:1.0.0"
  checksum: f032df8e02dce8ec565cf2eb605ea939bdccea528dbcf565cdf92bfa2da9110461159d86a537388ef1acef8815a330642d7885b29010e8f7eac967c9993b65ab
  languageName: node
  linkType: hard

"js-yaml@npm:^4.1.0":
  version: 4.1.0
  resolution: "js-yaml@npm:4.1.0"
  dependencies:
    argparse: ^2.0.1
  bin:
    js-yaml: bin/js-yaml.js
  checksum: c7830dfd456c3ef2c6e355cc5a92e6700ceafa1d14bba54497b34a99f0376cecbb3e9ac14d3e5849b426d5a5140709a66237a8c991c675431271c4ce5504151a
  languageName: node
  linkType: hard

"lodash.defaultsdeep@npm:^4.6.1":
  version: 4.6.1
  resolution: "lodash.defaultsdeep@npm:4.6.1"
  checksum: 1f346f16158b760545ca99553cb13e907a28b281425751af6bfe681387b9e5685438a7ddbfd36a8d5cc8bda066867a134aa31416f17e318db8c461c377810a76
  languageName: node
  linkType: hard

"lodash.flatten@npm:^4.4.0":
  version: 4.4.0
  resolution: "lodash.flatten@npm:4.4.0"
  checksum: 0ac34a393d4b795d4b7421153d27c13ae67e08786c9cbb60ff5b732210d46f833598eee3fb3844bb10070e8488efe390ea53bb567377e0cb47e9e630bf0811cb
  languageName: node
  linkType: hard

"lodash.isequal@npm:^4.5.0":
  version: 4.5.0
  resolution: "lodash.isequal@npm:4.5.0"
  checksum: da27515dc5230eb1140ba65ff8de3613649620e8656b19a6270afe4866b7bd461d9ba2ac8a48dcc57f7adac4ee80e1de9f965d89d4d81a0ad52bb3eec2609644
  languageName: node
  linkType: hard

"log75@npm:^2.2.0":
  version: 2.2.0
  resolution: "log75@npm:2.2.0"
  dependencies:
    ansi-colors: ^4.1.1
  checksum: 0773132b79e33e86d70b2b548c7ac865429509616c176056dd2b3efb2a8af9bd097435d3d450ea52d96cdc19792f9c6c0c3317ac3bf922a2931d58a4a3c88f02
  languageName: node
  linkType: hard

"long@npm:^5.2.0":
  version: 5.2.0
  resolution: "long@npm:5.2.0"
  checksum: 37aa4e67b9c3eebc6d9d675adcc9d06f06059ca268922a71273de389746bf07f0ff282f9e604d17fdf84c4149099b44e936ea2b621a6c4759a216621afa97efd
  languageName: node
  linkType: hard

"memory-pager@npm:^1.0.2":
  version: 1.5.0
  resolution: "memory-pager@npm:1.5.0"
  checksum: d1a2e684583ef55c61cd3a49101da645b11ad57014dfc565e0b43baa9004b743f7e4ab81493d8fff2ab24e9950987cc3209c94bcc4fc8d7e30a475489a1f15e9
  languageName: node
  linkType: hard

"mime-db@npm:1.50.0":
  version: 1.50.0
  resolution: "mime-db@npm:1.50.0"
  checksum: 95fcc19c3664ae72391c8a7e4015dde7fb6817c98c951493ca3a1d48050feb8ee08810a372ce7d9e16310042d26e5bda168916f600583a9a583655eeea8ff5f5
  languageName: node
  linkType: hard

"mime-types@npm:^2.1.12":
  version: 2.1.33
  resolution: "mime-types@npm:2.1.33"
  dependencies:
    mime-db: 1.50.0
  checksum: 05f2a0b3f169fbc51d79bdc7674ceb379dd07dbeadb0143059a7def865224686ee9f9051aeb340e98b6c11dbc06794ce0122181db4312cb1ad054fd90b0d510e
  languageName: node
  linkType: hard

"mime@npm:^3.0.0":
  version: 3.0.0
  resolution: "mime@npm:3.0.0"
  bin:
    mime: cli.js
  checksum: f43f9b7bfa64534e6b05bd6062961681aeb406a5b53673b53b683f27fcc4e739989941836a355eef831f4478923651ecc739f4a5f6e20a76487b432bfd4db928
  languageName: node
  linkType: hard

"mobx@npm:^6.3.2":
  version: 6.3.13
  resolution: "mobx@npm:6.3.13"
  checksum: 2ab413a323d127081cfc749771aea5f6f6fc3c0f573dc147144356694c2f804df1a0b19cc0cac0e37d236d47d0c767571fa7a6b448dd1f9cb7e05dcad90506bc
  languageName: node
  linkType: hard

"mongodb@npm:^3.2.3":
  version: 3.7.2
  resolution: "mongodb@npm:3.7.2"
  dependencies:
    bl: ^2.2.1
    bson: ^1.1.4
    denque: ^1.4.1
    optional-require: ^1.1.8
    safe-buffer: ^5.1.2
    saslprep: ^1.0.0
  dependenciesMeta:
    saslprep:
      optional: true
  peerDependenciesMeta:
    aws4:
      optional: true
    bson-ext:
      optional: true
    kerberos:
      optional: true
    mongodb-client-encryption:
      optional: true
    mongodb-extjson:
      optional: true
    snappy:
      optional: true
  checksum: 936e2c3b9d33205d708068ad512a03bd07f67d7ac46e4c61f18987f061b01143e415973a4c563aaf16b53ce60ca3a5b5424f80141568c6db39e20d013e76d81c
  languageName: node
  linkType: hard

"monk-middleware-cast-ids@npm:^0.2.1":
  version: 0.2.1
  resolution: "monk-middleware-cast-ids@npm:0.2.1"
  checksum: fb5d60eb65d9465cfc9debea1e4fa99d3373b0c20a8e20847414c3fb7e7163888e9253d1d8f8b9bd8ad182739f04a21a945193122d09df65b44fa0e2829e4226
  languageName: node
  linkType: hard

"monk-middleware-fields@npm:^0.2.0":
  version: 0.2.0
  resolution: "monk-middleware-fields@npm:0.2.0"
  checksum: acc670026526296dc59b811d8a3ae54a04b153ba78e419828340eb3b3607bb1e84d0fe6128a851e3d663699c0df7ca1f9fd2e81686a2fa8ecd239db60091b452
  languageName: node
  linkType: hard

"monk-middleware-handle-callback@npm:^0.2.0":
  version: 0.2.2
  resolution: "monk-middleware-handle-callback@npm:0.2.2"
  checksum: 3c921ead69171e84af9f16c97894cf8ad6828b3cd0ee9990167cc6bfdda947dcbd9241123bfec74addc7755baaf689248a4c9b738289dcfa5eff69e6baa9b252
  languageName: node
  linkType: hard

"monk-middleware-options@npm:^0.2.1":
  version: 0.2.1
  resolution: "monk-middleware-options@npm:0.2.1"
  checksum: 6ecb2b55913cc514ddf79d40e356915d4a1beadf82151b32ce46ba5652f2a97d7d77f28901951002be6ee7bcb14e80d577ae3a66fd7da7a2ef3b20252bf2b504
  languageName: node
  linkType: hard

"monk-middleware-query@npm:^0.2.0":
  version: 0.2.0
  resolution: "monk-middleware-query@npm:0.2.0"
  checksum: 7950b535ca397938b73c651b6b755ec18204886760a665fc386ea78dd24ca2d04ca64cb9567759d84b844bd0b5108c7306eafb860955959309cbc9d2bf66f073
  languageName: node
  linkType: hard

"monk-middleware-wait-for-connection@npm:^0.2.0":
  version: 0.2.0
  resolution: "monk-middleware-wait-for-connection@npm:0.2.0"
  checksum: 1c3f23ddb3568fc01cabb777df550f7ef6eaf6f4701e4a2f6354c01c86f391225af96d9a8f3f1a7f542487e8a3f6ec18b44ec8d55102b3e1ee166d9c6751752a
  languageName: node
  linkType: hard

"monk@npm:*, monk@npm:^7.3.4":
  version: 7.3.4
  resolution: "monk@npm:7.3.4"
  dependencies:
    "@types/mongodb": ^3.5.25
    debug: "*"
    mongodb: ^3.2.3
    monk-middleware-cast-ids: ^0.2.1
    monk-middleware-fields: ^0.2.0
    monk-middleware-handle-callback: ^0.2.0
    monk-middleware-options: ^0.2.1
    monk-middleware-query: ^0.2.0
    monk-middleware-wait-for-connection: ^0.2.0
    object-assign: ^4.1.1
  checksum: 6eb230e9dd6c25e0a1374f903f0caeb4067eef2df6d8b3672785eb9bff2041ab509b067f29756c0946ff2276912b251d1c84bded3d204f56b082e632c469de77
  languageName: node
  linkType: hard

"ms@npm:2.1.2":
  version: 2.1.2
  resolution: "ms@npm:2.1.2"
  checksum: 673cdb2c3133eb050c745908d8ce632ed2c02d85640e2edb3ace856a2266a813b30c613569bf3354fdf4ea7d1a1494add3bfa95e2713baa27d0c2c71fc44f58f
  languageName: node
  linkType: hard

"node-fetch@npm:^2.6.1":
  version: 2.6.7
  resolution: "node-fetch@npm:2.6.7"
  dependencies:
    whatwg-url: ^5.0.0
  peerDependencies:
    encoding: ^0.1.0
  peerDependenciesMeta:
    encoding:
      optional: true
  checksum: 8d816ffd1ee22cab8301c7756ef04f3437f18dace86a1dae22cf81db8ef29c0bf6655f3215cb0cdb22b420b6fe141e64b26905e7f33f9377a7fa59135ea3e10b
  languageName: node
  linkType: hard

"object-assign@npm:^4.1.1":
  version: 4.1.1
  resolution: "object-assign@npm:4.1.1"
  checksum: fcc6e4ea8c7fe48abfbb552578b1c53e0d194086e2e6bbbf59e0a536381a292f39943c6e9628af05b5528aa5e3318bb30d6b2e53cadaf5b8fe9e12c4b69af23f
  languageName: node
  linkType: hard

"openapi-typescript@npm:^5.2.0":
  version: 5.2.0
  resolution: "openapi-typescript@npm:5.2.0"
  dependencies:
    js-yaml: ^4.1.0
    mime: ^3.0.0
    prettier: ^2.5.1
    tiny-glob: ^0.2.9
    undici: ^4.14.1
    yargs-parser: ^21.0.0
  bin:
    openapi-typescript: bin/cli.js
  checksum: 193b0d910d1c067dcbb0f079bf2ae29a3bd392cbae82265760e6e96a70221a3d8d7c287c77af845c2b4bfd4c04251f800c838c63a76564e9f1427b47e62fb598
  languageName: node
  linkType: hard

"optional-require@npm:^1.1.8":
  version: 1.1.8
  resolution: "optional-require@npm:1.1.8"
  dependencies:
    require-at: ^1.0.6
  checksum: 437db76f713052925185ae80837b593877f75101154e8937f50d33b0b07bd500c214efc9016748642109b6e3e1197eb0513a2963eb06bcf3890f88a2724b1c87
  languageName: node
  linkType: hard

"ow@npm:^0.27.0":
  version: 0.27.0
  resolution: "ow@npm:0.27.0"
  dependencies:
    "@sindresorhus/is": ^4.0.1
    callsites: ^3.1.0
    dot-prop: ^6.0.1
    lodash.isequal: ^4.5.0
    type-fest: ^1.2.1
    vali-date: ^1.0.0
  checksum: bffd6fa43d004163bab9821fae4d2eceee92d70059ba2a5dca1ad7497cd167554224a7efab3d41476112fbab4714afa99b8866506e8b9bad5d690cf967146332
  languageName: node
  linkType: hard

"prettier@npm:^2.5.1":
  version: 2.6.2
  resolution: "prettier@npm:2.6.2"
  bin:
    prettier: bin-prettier.js
  checksum: 48d08dde8e9fb1f5bccdd205baa7f192e9fc8bc98f86e1b97d919de804e28c806b0e6cc685e4a88211aa7987fa9668f30baae19580d87ced3ed0f2ec6572106f
  languageName: node
  linkType: hard

"printj@npm:~1.1.0":
  version: 1.1.2
  resolution: "printj@npm:1.1.2"
  bin:
    printj: ./bin/printj.njs
  checksum: 1c0c66844545415e339356ad62009cdc467819817b1e0341aba428087a1414d46b84089edb4e77ef24705829f8aae6349724b9c7bd89d8690302b2de7a89b315
  languageName: node
  linkType: hard

"printj@npm:~1.2.2":
  version: 1.2.3
  resolution: "printj@npm:1.2.3"
  bin:
    printj: bin/printj.njs
  checksum: ba0bc4c0879dfdb836f6e3f61617c5823d822305784c455fae75a4e83c645839ba73f8fd2eab1621ece4d682ac089fee3ae55aca6945df94a9cb36797de5f150
  languageName: node
  linkType: hard

"printj@npm:~1.3.0":
  version: 1.3.0
  resolution: "printj@npm:1.3.0"
  bin:
    printj: bin/printj.njs
  checksum: dad3e6fb19fa7805b594a9ca39eeb9c46213c99f4c4eb824a0ef26788f07ef4ea680b646b56d583ad3d8a30d90cca60dbd452a2d85d5f2c7f5f5c16f3ea7fe9b
  languageName: node
  linkType: hard

"process-nextick-args@npm:~2.0.0":
  version: 2.0.1
  resolution: "process-nextick-args@npm:2.0.1"
  checksum: 1d38588e520dab7cea67cbbe2efdd86a10cc7a074c09657635e34f035277b59fbb57d09d8638346bf7090f8e8ebc070c96fa5fd183b777fff4f5edff5e9466cf
  languageName: node
  linkType: hard

"prom-client@npm:^14.0.1":
  version: 14.0.1
  resolution: "prom-client@npm:14.0.1"
  dependencies:
    tdigest: ^0.1.1
  checksum: 864c19b7086eda8fae652385bc8b8aeb155f85922e58672d07a64918a603341e120e65e08f9d77ccab546518dc18930284da8743c2aac3c968f626d7063d6bba
  languageName: node
  linkType: hard

"readable-stream@npm:^2.3.5":
  version: 2.3.7
  resolution: "readable-stream@npm:2.3.7"
  dependencies:
    core-util-is: ~1.0.0
    inherits: ~2.0.3
    isarray: ~1.0.0
    process-nextick-args: ~2.0.0
    safe-buffer: ~5.1.1
    string_decoder: ~1.1.1
    util-deprecate: ~1.0.1
  checksum: e4920cf7549a60f8aaf694d483a0e61b2a878b969d224f89b3bc788b8d920075132c4b55a7494ee944c7b6a9a0eada28a7f6220d80b0312ece70bbf08eeca755
  languageName: node
  linkType: hard

"require-at@npm:^1.0.6":
  version: 1.0.6
  resolution: "require-at@npm:1.0.6"
  checksum: 7753a6ebad99855ef015d5533a787c65e883c94c23371368eebf6f1c7e2a078811013b204823152cbab206a00e825e8e5ca09416fd835a489fa30bf064fbe6d9
  languageName: node
  linkType: hard

"revolt-api@npm:0.5.3-5-patch.3":
  version: 0.5.3-5-patch.3
  resolution: "revolt-api@npm:0.5.3-5-patch.3"
  dependencies:
    "@insertish/oapi": 0.1.15
    axios: ^0.26.1
    lodash.defaultsdeep: ^4.6.1
  checksum: 802d24359e64142317b16eaa40553f872f6ba4876e065704c7d7fb201f993b924076a770f74a49d95a4a494672bc4ab91284868d479c984b03688437749d4979
  languageName: node
  linkType: hard

"revolt-api@npm:^0.5.3":
  version: 0.5.3
  resolution: "revolt-api@npm:0.5.3"
  dependencies:
    "@insertish/oapi": 0.1.15
    axios: ^0.26.1
    lodash.defaultsdeep: ^4.6.1
  checksum: b9e6c2b01b5f140e4b0bc67b56892b11d987fa8c8caf8ea9152583954307084ee36f04085b9cbf722af5106bf8117c3270e861d0149550a6cf442983056f7b4a
  languageName: node
  linkType: hard

"revolt-automod@workspace:.":
  version: 0.0.0-use.local
  resolution: "revolt-automod@workspace:."
  dependencies:
    "@janderedev/revolt.js": ^6.0.0-2-patch.1
    "@types/monk": ^6.0.0
    axios: ^0.22.0
    dayjs: ^1.10.7
    discord.js: ^13.3.1
    dotenv: ^10.0.0
    form-data: ^4.0.0
    log75: ^2.2.0
    monk: ^7.3.4
    prom-client: ^14.0.1
    revolt-api: ^0.5.3
    typescript: ^4.4.3
    ulid: ^2.3.0
    xlsx: ^0.17.3
  languageName: unknown
  linkType: soft

"safe-buffer@npm:^5.1.1, safe-buffer@npm:^5.1.2":
  version: 5.2.1
  resolution: "safe-buffer@npm:5.2.1"
  checksum: b99c4b41fdd67a6aaf280fcd05e9ffb0813654894223afb78a31f14a19ad220bba8aba1cb14eddce1fcfb037155fe6de4e861784eb434f7d11ed58d1e70dd491
  languageName: node
  linkType: hard

"safe-buffer@npm:~5.1.0, safe-buffer@npm:~5.1.1":
  version: 5.1.2
  resolution: "safe-buffer@npm:5.1.2"
  checksum: f2f1f7943ca44a594893a852894055cf619c1fbcb611237fc39e461ae751187e7baf4dc391a72125e0ac4fb2d8c5c0b3c71529622e6a58f46b960211e704903c
  languageName: node
  linkType: hard

"saslprep@npm:^1.0.0":
  version: 1.0.3
  resolution: "saslprep@npm:1.0.3"
  dependencies:
    sparse-bitfield: ^3.0.3
  checksum: 4fdc0b70fb5e523f977de405e12cca111f1f10dd68a0cfae0ca52c1a7919a94d1556598ba2d35f447655c3b32879846c77f9274c90806f6673248ae3cea6ee43
  languageName: node
  linkType: hard

"sparse-bitfield@npm:^3.0.3":
  version: 3.0.3
  resolution: "sparse-bitfield@npm:3.0.3"
  dependencies:
    memory-pager: ^1.0.2
  checksum: 174da88dbbcc783d5dbd26921931cc83830280b8055fb05333786ebe6fc015b9601b24972b3d55920dd2d9f5fb120576fbfa2469b08e5222c9cadf3f05210aab
  languageName: node
  linkType: hard

"ssf@npm:~0.11.2":
  version: 0.11.2
  resolution: "ssf@npm:0.11.2"
  dependencies:
    frac: ~1.1.2
  checksum: 6ecef6ae0a90e67dc4b05bc3cca883e2dffad9773b41124af36ee308884e4a29f98bde66d6c8d2bd1ccf5f860ea4f6c49338bd8d733007fc42ebe02dd5295dcf
  languageName: node
  linkType: hard

"string_decoder@npm:~1.1.1":
  version: 1.1.1
  resolution: "string_decoder@npm:1.1.1"
  dependencies:
    safe-buffer: ~5.1.0
  checksum: 9ab7e56f9d60a28f2be697419917c50cac19f3e8e6c28ef26ed5f4852289fe0de5d6997d29becf59028556f2c62983790c1d9ba1e2a3cc401768ca12d5183a5b
  languageName: node
  linkType: hard

"tdigest@npm:^0.1.1":
  version: 0.1.1
  resolution: "tdigest@npm:0.1.1"
  dependencies:
    bintrees: 1.0.1
  checksum: 4d05fd70fb0aa70aa101d01557722b7ef9a91b2ebf8dfc274ca9852220397a74e4ed6e59c55335b4b1dd0ac5e1b65d25b8d32ae01278fc3b783c40f6d84303e2
  languageName: node
  linkType: hard

"tiny-glob@npm:^0.2.9":
  version: 0.2.9
  resolution: "tiny-glob@npm:0.2.9"
  dependencies:
    globalyzer: 0.1.0
    globrex: ^0.1.2
  checksum: aea5801eb6663ddf77ebb74900b8f8bd9dfcfc9b6a1cc8018cb7421590c00bf446109ff45e4b64a98e6c95ddb1255a337a5d488fb6311930e2a95334151ec9c6
  languageName: node
  linkType: hard

"tr46@npm:~0.0.3":
  version: 0.0.3
  resolution: "tr46@npm:0.0.3"
  checksum: 726321c5eaf41b5002e17ffbd1fb7245999a073e8979085dacd47c4b4e8068ff5777142fc6726d6ca1fd2ff16921b48788b87225cbc57c72636f6efa8efbffe3
  languageName: node
  linkType: hard

"ts-mixer@npm:^6.0.0":
  version: 6.0.0
  resolution: "ts-mixer@npm:6.0.0"
  checksum: 791a513c9ca318a979928f5265fd6029858fa21595153a9386063c11239a6b1c352db1e277c19f0544d017a67cf78d120a7438b86b2c828b1115eb607538eff8
  languageName: node
  linkType: hard

"tslib@npm:^2.3.1":
  version: 2.3.1
  resolution: "tslib@npm:2.3.1"
  checksum: de17a98d4614481f7fcb5cd53ffc1aaf8654313be0291e1bfaee4b4bb31a20494b7d218ff2e15017883e8ea9626599b3b0e0229c18383ba9dce89da2adf15cb9
  languageName: node
  linkType: hard

"type-fest@npm:^1.2.1":
  version: 1.4.0
  resolution: "type-fest@npm:1.4.0"
  checksum: b011c3388665b097ae6a109a437a04d6f61d81b7357f74cbcb02246f2f5bd72b888ae33631b99871388122ba0a87f4ff1c94078e7119ff22c70e52c0ff828201
  languageName: node
  linkType: hard

"typescript@npm:^4.4.3":
  version: 4.4.3
  resolution: "typescript@npm:4.4.3"
  bin:
    tsc: bin/tsc
    tsserver: bin/tsserver
  checksum: 05823f21796d450531a7e4ab299715d38fd9ded0e4ce7400876053f4b5166ca3dde7a68cecfe72d9086039f03c0b6edba36516fb10ed83c5837d9600532ea4c2
  languageName: node
  linkType: hard

"typescript@npm:^4.6.2":
  version: 4.6.4
  resolution: "typescript@npm:4.6.4"
  bin:
    tsc: bin/tsc
    tsserver: bin/tsserver
  checksum: e7bfcc39cd4571a63a54e5ea21f16b8445268b9900bf55aee0e02ad981be576acc140eba24f1af5e3c1457767c96cea6d12861768fb386cf3ffb34013718631a
  languageName: node
  linkType: hard

"typescript@patch:typescript@^4.4.3#~builtin<compat/typescript>":
  version: 4.4.3
  resolution: "typescript@patch:typescript@npm%3A4.4.3#~builtin<compat/typescript>::version=4.4.3&hash=7ad353"
  bin:
    tsc: bin/tsc
    tsserver: bin/tsserver
  checksum: 33a916819907e819430802c50405f18c187448d678696a81545f494a7ec16207f8c15340c945df62109bd1d951091a9f15f3d2eb931a3c889f962c8509017697
  languageName: node
  linkType: hard

"typescript@patch:typescript@^4.6.2#~builtin<compat/typescript>":
  version: 4.6.4
  resolution: "typescript@patch:typescript@npm%3A4.6.4#~builtin<compat/typescript>::version=4.6.4&hash=7ad353"
  bin:
    tsc: bin/tsc
    tsserver: bin/tsserver
  checksum: 1cb434fbc637d347be90e3a0c6cd05e33c38f941713c8786d3031faf1842c2c148ba91d2fac01e7276b0ae3249b8633f1660e32686cc7a8c6a8fd5361dc52c66
  languageName: node
  linkType: hard

"ulid@npm:^2.3.0":
  version: 2.3.0
  resolution: "ulid@npm:2.3.0"
  bin:
    ulid: ./bin/cli.js
  checksum: d6dbf253fdc189f60fe2829d934ee5447b3dab62d05449a2e0fe89670d77087dd6eba4f844a69f9ffdb01384ec6fd97bdd9be638fc67d593569a45e8969f1e69
  languageName: node
  linkType: hard

"undici@npm:^4.14.1":
  version: 4.16.0
  resolution: "undici@npm:4.16.0"
  checksum: 5e88c2b3381085e25ed1d1a308610ac7ee985f478ac705af7a8e03213536e10f73ef8dd8d85e6ed38948d1883fa0ae935e04357c317b0f5d3d3c0211d0c8c393
  languageName: node
  linkType: hard

"util-deprecate@npm:~1.0.1":
  version: 1.0.2
  resolution: "util-deprecate@npm:1.0.2"
  checksum: 474acf1146cb2701fe3b074892217553dfcf9a031280919ba1b8d651a068c9b15d863b7303cb15bd00a862b498e6cf4ad7b4a08fb134edd5a6f7641681cb54a2
  languageName: node
  linkType: hard

"vali-date@npm:^1.0.0":
  version: 1.0.0
  resolution: "vali-date@npm:1.0.0"
  checksum: 6464369cb77003a966591f2bd17b7c938c480956992e254b3455fd1651a3b7633e23aac8a03b974bbdfbd2357da52b98d46357bb6f292ffd28768a6d3959e61e
  languageName: node
  linkType: hard

"webidl-conversions@npm:^3.0.0":
  version: 3.0.1
  resolution: "webidl-conversions@npm:3.0.1"
  checksum: c92a0a6ab95314bde9c32e1d0a6dfac83b578f8fa5f21e675bc2706ed6981bc26b7eb7e6a1fab158e5ce4adf9caa4a0aee49a52505d4d13c7be545f15021b17c
  languageName: node
  linkType: hard

"whatwg-url@npm:^5.0.0":
  version: 5.0.0
  resolution: "whatwg-url@npm:5.0.0"
  dependencies:
    tr46: ~0.0.3
    webidl-conversions: ^3.0.0
  checksum: b8daed4ad3356cc4899048a15b2c143a9aed0dfae1f611ebd55073310c7b910f522ad75d727346ad64203d7e6c79ef25eafd465f4d12775ca44b90fa82ed9e2c
  languageName: node
  linkType: hard

"wmf@npm:~1.0.1":
  version: 1.0.2
  resolution: "wmf@npm:1.0.2"
  checksum: d336acb2c76fa868ef006fbb06c4e64c7c1ed5ff77d16c48a273cf1f4d0a44e35df209b8fde28d93dd4a924d652a9c4fc8a92ad57885a5e437df0b0900769e3b
  languageName: node
  linkType: hard

"word@npm:~0.3.0":
  version: 0.3.0
  resolution: "word@npm:0.3.0"
  checksum: f84e7061883380c1bcb0d98bd183b7f2b281688011924af7a96d3ed3ee20aeb12cc59a0451b66e5e57520338a056725ff8e0c07b358c0afecf5488a9557c19fe
  languageName: node
  linkType: hard

"ws@npm:^8.2.2":
  version: 8.4.2
  resolution: "ws@npm:8.4.2"
  peerDependencies:
    bufferutil: ^4.0.1
    utf-8-validate: ^5.0.2
  peerDependenciesMeta:
    bufferutil:
      optional: true
    utf-8-validate:
      optional: true
  checksum: 4369caaac8d1092a73871f5cf1d87fcbb995dc4183a1bc48e4f451bc2d02d0a8bf7c17edf1da18e2be3c773b09262275356b256d1c55bc7ca096154293ba2a8c
  languageName: node
  linkType: hard

"ws@npm:^8.2.3":
  version: 8.3.0
  resolution: "ws@npm:8.3.0"
  peerDependencies:
    bufferutil: ^4.0.1
    utf-8-validate: ^5.0.2
  peerDependenciesMeta:
    bufferutil:
      optional: true
    utf-8-validate:
      optional: true
  checksum: 71f6919e3cb2c60ae53e00b13d7782bb77005750641855153a1716c23b7011259fe3a29a432522a3044dc7c579a7e2f5a495bb79ba9f823ce6c2e763300ef99b
  languageName: node
  linkType: hard

"xlsx@npm:^0.17.3":
  version: 0.17.3
  resolution: "xlsx@npm:0.17.3"
  dependencies:
    adler-32: ~1.2.0
    cfb: ^1.1.4
    codepage: ~1.15.0
    commander: ~2.17.1
    crc-32: ~1.2.0
    exit-on-epipe: ~1.0.1
    fflate: ^0.7.1
    ssf: ~0.11.2
    wmf: ~1.0.1
    word: ~0.3.0
  bin:
    xlsx: bin/xlsx.njs
  checksum: e9f3fa36d2c9f8a337d2914fa93b7cdb01deec93967b26f94c95e4c7d395b4b052c484b027b423be750d49d04fffea948df870f47cd5fc7649712d8a2d5923ef
  languageName: node
  linkType: hard

"yargs-parser@npm:^21.0.0":
  version: 21.0.1
  resolution: "yargs-parser@npm:21.0.1"
  checksum: c3ea2ed12cad0377ce3096b3f138df8267edf7b1aa7d710cd502fe16af417bafe4443dd71b28158c22fcd1be5dfd0e86319597e47badf42ff83815485887323a
  languageName: node
  linkType: hard
