# This file is generated by running "yarn install" inside your project.
# Manual changes might be lost - proceed with caution!

__metadata:
  version: 6
  cacheKey: 8

"@discordjs/builders@npm:^0.16.0":
  version: 0.16.0
  resolution: "@discordjs/builders@npm:0.16.0"
  dependencies:
    "@sapphire/shapeshift": ^3.5.1
    discord-api-types: ^0.36.2
    fast-deep-equal: ^3.1.3
    ts-mixer: ^6.0.1
    tslib: ^2.4.0
  checksum: bf7ab00924bf84678c139b32c3b6bda16d62f190a1674ebaa4ec8767c7105890b1375716296037306661e138fe1c09c535b3141a047b7fceafaa92937a76cb8b
  languageName: node
  linkType: hard

"@discordjs/collection@npm:^0.7.0":
  version: 0.7.0
  resolution: "@discordjs/collection@npm:0.7.0"
  checksum: 141aa35a5433bacba3617b533557b4948388c7b59cdaecee51ccd721c1b9242e50d95bdef53ee2491535a017095f5072ace3c3e9e594193f67a1c5a8a4b7db93
  languageName: node
  linkType: hard

"@insertish/oapi@npm:0.1.18":
  version: 0.1.18
  resolution: "@insertish/oapi@npm:0.1.18"
  dependencies:
    axios: ^0.26.1
    openapi-typescript: ^5.2.0
    typescript: ^4.6.2
  dependenciesMeta:
    axios:
      optional: true
    openapi-typescript:
      optional: true
  bin:
    oapilib: cli.js
  checksum: e83b1ac705f6aaf8fc3fd29198c70624aeec6150dc6b980af3f68285811fcdcbe09a3853908285e06c156890579dd49447ea381c85e6654a14e6ba53deba76e1
  languageName: node
  linkType: hard

"@mxssfd/typedoc-theme@npm:^1.1.1":
  version: 1.1.1
  resolution: "@mxssfd/typedoc-theme@npm:1.1.1"
  peerDependencies:
    typedoc: ^0.24.1
  checksum: 6f42f8f6b778f4c2c5be144c690a838028ae5f380479046030cb968882a762970696e10d5a712c2d70a3338081628ae4918f5f3d5802ffbc4f2218ee626c23cb
  languageName: node
  linkType: hard

"@sapphire/async-queue@npm:^1.5.0":
  version: 1.5.0
  resolution: "@sapphire/async-queue@npm:1.5.0"
  checksum: 983dbd1fd1b1798496e5edb6a0db7e4d90015160e1028f20475eab0a92625513f1e8d938bc0305811a9cec461c94e01b1e4191615ff03ba49356f568f3255250
  languageName: node
  linkType: hard

"@sapphire/shapeshift@npm:^3.5.1":
  version: 3.8.1
  resolution: "@sapphire/shapeshift@npm:3.8.1"
  dependencies:
    fast-deep-equal: ^3.1.3
    lodash: ^4.17.21
  checksum: 2a5954c76ee9a91506ae269141ffd2d71e05891c7f1618d0acbf3670312f0b473e356f9c3dafe484d8dc89282d7554f1fd7d720a2a3b0e921fb4e969d09513ee
  languageName: node
  linkType: hard

"@solid-primitives/map@npm:^0.4.3":
  version: 0.4.3
  resolution: "@solid-primitives/map@npm:0.4.3"
  dependencies:
    "@solid-primitives/trigger": ^1.0.3
  peerDependencies:
    solid-js: ^1.6.12
  checksum: e2408d7309c2bc0b93126771ad796cc3cbc2b150a03b4f3d4963dbc6df2ad26e671277fc14aafe1c117f1228c35557686e709accd6237ac511d2e05a6682006d
  languageName: node
  linkType: hard

"@solid-primitives/set@npm:^0.4.3":
  version: 0.4.3
  resolution: "@solid-primitives/set@npm:0.4.3"
  dependencies:
    "@solid-primitives/trigger": ^1.0.3
  peerDependencies:
    solid-js: ^1.6.12
  checksum: fcab5679185633b887d6d9ef4c12ded12d1773969a66079ce98dc18bbb2869f9fe743a1f3cd1f5721b52dcd274ae096470daa8ab1284643b4b26eeb28b7a5698
  languageName: node
  linkType: hard

"@solid-primitives/trigger@npm:^1.0.3":
  version: 1.0.5
  resolution: "@solid-primitives/trigger@npm:1.0.5"
  dependencies:
    "@solid-primitives/utils": ^6.0.0
  peerDependencies:
    solid-js: ^1.6.12
  checksum: 5f137ec425b317c09de6b994928992201206c16be7a01f7add46e0ee987d76a947a7f4f9396a945eeb671c43307b6f5d55bd57d90738880cebdaa0907aca65dd
  languageName: node
  linkType: hard

"@solid-primitives/utils@npm:^6.0.0":
  version: 6.0.0
  resolution: "@solid-primitives/utils@npm:6.0.0"
  peerDependencies:
    solid-js: ^1.6.12
  checksum: c581b995e2d16c9ed0546baef52a9e60f54dda457a3733bac467a19f2a63227179eb0ec6faa16397af4cacc13fa281288cf967a206b0a75255412fafadc55411
  languageName: node
  linkType: hard

"@types/bson@npm:*":
  version: 4.0.5
  resolution: "@types/bson@npm:4.0.5"
  dependencies:
    "@types/node": "*"
  checksum: f6c74a68eec836010170e7091399b45fe39e2f7724372441cc00a0fbd0b9f44d901688504174d558edbf220922fa0c7c52fbc4aa0f2136194fa713101b8f2ec9
  languageName: node
  linkType: hard

"@types/mongodb@npm:^3.5.25":
  version: 3.6.20
  resolution: "@types/mongodb@npm:3.6.20"
  dependencies:
    "@types/bson": "*"
    "@types/node": "*"
  checksum: e5397ada2ed728997f7c3f5424e8c28f682a635488be967c9c18a5de27b1641cf28bb42bc12026ac6d475c457a880e27097e13c8120350ba13219f4ccc030656
  languageName: node
  linkType: hard

"@types/monk@npm:^6.0.0":
  version: 6.0.0
  resolution: "@types/monk@npm:6.0.0"
  dependencies:
    monk: "*"
  checksum: 32fb5ef8fc850cbc7fe465e3d2f616b8fd08993652bcb3172b1d6cba473253bd59abbf93c2e774c97d20db9c3ed3659d8c04affabd2ab317e396b548b789bd79
  languageName: node
  linkType: hard

"@types/node-fetch@npm:^2.6.2":
  version: 2.6.2
  resolution: "@types/node-fetch@npm:2.6.2"
  dependencies:
    "@types/node": "*"
    form-data: ^3.0.0
  checksum: 6f73b1470000d303d25a6fb92875ea837a216656cb7474f66cdd67bb014aa81a5a11e7ac9c21fe19bee9ecb2ef87c1962bceeaec31386119d1ac86e4c30ad7a6
  languageName: node
  linkType: hard

"@types/node@npm:*":
  version: 18.15.3
  resolution: "@types/node@npm:18.15.3"
  checksum: 31b1d92475a82c30de29aa6c0771b18a276552d191283b4423ba2d61b3f01159bf0d02576c0b7cc834b043997893800db6bb47f246083ed85aa45e79c80875d7
  languageName: node
  linkType: hard

"@types/ws@npm:^8.5.3":
  version: 8.5.4
  resolution: "@types/ws@npm:8.5.4"
  dependencies:
    "@types/node": "*"
  checksum: fefbad20d211929bb996285c4e6f699b12192548afedbe4930ab4384f8a94577c9cd421acaad163cacd36b88649509970a05a0b8f20615b30c501ed5269038d1
  languageName: node
  linkType: hard

"adler-32@npm:~1.2.0":
  version: 1.2.0
  resolution: "adler-32@npm:1.2.0"
  dependencies:
    exit-on-epipe: ~1.0.1
    printj: ~1.1.0
  bin:
    adler32: ./bin/adler32.njs
  checksum: aa611316fa224349b3eb1b7fcccc05195c38e425ff2b678fde67c0440b27074c42ad97b03efb7478f045b094f0dcb51a8711a2d5571d8940e1c5c52593af7bf6
  languageName: node
  linkType: hard

"adler-32@npm:~1.3.0":
  version: 1.3.1
  resolution: "adler-32@npm:1.3.1"
  checksum: c7f6b02df64a4392fcf1591862344f56733716a558e97a8b06a553dadeeaec792054512389000f42f371b13d2be5370e056e18db3b573944b595c4cb7742c5c6
  languageName: node
  linkType: hard

"ansi-colors@npm:^4.1.1":
  version: 4.1.3
  resolution: "ansi-colors@npm:4.1.3"
  checksum: a9c2ec842038a1fabc7db9ece7d3177e2fe1c5dc6f0c51ecfbf5f39911427b89c00b5dc6b8bd95f82a26e9b16aaae2e83d45f060e98070ce4d1333038edceb0e
  languageName: node
  linkType: hard

"ansi-sequence-parser@npm:^1.1.0":
  version: 1.1.0
  resolution: "ansi-sequence-parser@npm:1.1.0"
  checksum: 75f4d3a4c555655a698aec05b5763cbddcd16ccccdbfd178fb0aa471ab74fdf98e031b875ef26e64be6a95cf970c89238744b26de6e34af97f316d5186b1df53
  languageName: node
  linkType: hard

"argparse@npm:^2.0.1":
  version: 2.0.1
  resolution: "argparse@npm:2.0.1"
  checksum: 83644b56493e89a254bae05702abf3a1101b4fa4d0ca31df1c9985275a5a5bd47b3c27b7fa0b71098d41114d8ca000e6ed90cad764b306f8a503665e4d517ced
  languageName: node
  linkType: hard

"asynckit@npm:^0.4.0":
  version: 0.4.0
  resolution: "asynckit@npm:0.4.0"
  checksum: 7b78c451df768adba04e2d02e63e2d0bf3b07adcd6e42b4cf665cb7ce899bedd344c69a1dcbce355b5f972d597b25aaa1c1742b52cffd9caccb22f348114f6be
  languageName: node
  linkType: hard

"automod@portal:../lib::locator=revolt-automod%40workspace%3A.":
  version: 0.0.0-use.local
  resolution: "automod@portal:../lib::locator=revolt-automod%40workspace%3A."
  languageName: node
  linkType: soft

"axios@npm:^0.22.0":
  version: 0.22.0
  resolution: "axios@npm:0.22.0"
  dependencies:
    follow-redirects: ^1.14.4
  checksum: 83dc4d02e180f69aa9f0d1d0d50b84ec3603517230d58b4c3720ebd440c7e64ea86c5e892dc6e19061608e8e1103504a709d8baa4051c4b7652101b523d04b63
  languageName: node
  linkType: hard

"axios@npm:^0.26.1":
  version: 0.26.1
  resolution: "axios@npm:0.26.1"
  dependencies:
    follow-redirects: ^1.14.8
  checksum: d9eb58ff4bc0b36a04783fc9ff760e9245c829a5a1052ee7ca6013410d427036b1d10d04e7380c02f3508c5eaf3485b1ae67bd2adbfec3683704745c8d7a6e1a
  languageName: node
  linkType: hard

"balanced-match@npm:^1.0.0":
  version: 1.0.2
  resolution: "balanced-match@npm:1.0.2"
  checksum: 9706c088a283058a8a99e0bf91b0a2f75497f185980d9ffa8b304de1d9e58ebda7c72c07ebf01dadedaac5b2907b2c6f566f660d62bd336c3468e960403b9d65
  languageName: node
  linkType: hard

"bintrees@npm:1.0.2":
  version: 1.0.2
  resolution: "bintrees@npm:1.0.2"
  checksum: 56a52b7d3634e30002b1eda740d2517a22fa8e9e2eb088e919f37c030a0ed86e364ab59e472fc770fc8751308054bb1c892979d150e11d9e11ac33bcc1b5d16e
  languageName: node
  linkType: hard

"bl@npm:^2.2.1":
  version: 2.2.1
  resolution: "bl@npm:2.2.1"
  dependencies:
    readable-stream: ^2.3.5
    safe-buffer: ^5.1.1
  checksum: 4f5d9b258919646a8d02f1731379e53b6f6309e34596ae02afbc3aeb183910bd2d0b70681f889b7c620ca48f65dc1cd0992ee1266c90d6d7c3be60688d141233
  languageName: node
  linkType: hard

"brace-expansion@npm:^2.0.1":
  version: 2.0.1
  resolution: "brace-expansion@npm:2.0.1"
  dependencies:
    balanced-match: ^1.0.0
  checksum: a61e7cd2e8a8505e9f0036b3b6108ba5e926b4b55089eeb5550cd04a471fe216c96d4fe7e4c7f995c728c554ae20ddfc4244cad10aef255e72b62930afd233d1
  languageName: node
  linkType: hard

"bson@npm:^1.1.4":
  version: 1.1.6
  resolution: "bson@npm:1.1.6"
  checksum: 75762c9b7e0b3156cb0f38c7eb9ffcade53f0b04ac87dece9cba38f6dc570d9af91251de6a8988b294063cfaa21894c60ac9e85c34176accb3674acb092d66a7
  languageName: node
  linkType: hard

"busboy@npm:^1.6.0":
  version: 1.6.0
  resolution: "busboy@npm:1.6.0"
  dependencies:
    streamsearch: ^1.1.0
  checksum: 32801e2c0164e12106bf236291a00795c3c4e4b709ae02132883fe8478ba2ae23743b11c5735a0aae8afe65ac4b6ca4568b91f0d9fed1fdbc32ede824a73746e
  languageName: node
  linkType: hard

"cfb@npm:^1.1.4":
  version: 1.2.2
  resolution: "cfb@npm:1.2.2"
  dependencies:
    adler-32: ~1.3.0
    crc-32: ~1.2.0
  checksum: cfb63a7d630a7fa415c1b25655dca66666584f29c95fb0ee90866ada1a28090857827f2ba70a9a50df28bdce05728ae58d495bce417249f305ef7b3c85840024
  languageName: node
  linkType: hard

"codepage@npm:~1.15.0":
  version: 1.15.0
  resolution: "codepage@npm:1.15.0"
  checksum: 86bdfd8f8fd4d78ace6ddab02a1621cbb4a833686fe886984b4155d99cd0287581d69495774b816ab2f571c4dc851c1595e1dbb8d69bd6dbb5a631ebf317fab0
  languageName: node
  linkType: hard

"combined-stream@npm:^1.0.8":
  version: 1.0.8
  resolution: "combined-stream@npm:1.0.8"
  dependencies:
    delayed-stream: ~1.0.0
  checksum: 49fa4aeb4916567e33ea81d088f6584749fc90c7abec76fd516bf1c5aa5c79f3584b5ba3de6b86d26ddd64bae5329c4c7479343250cfe71c75bb366eae53bb7c
  languageName: node
  linkType: hard

"core-util-is@npm:~1.0.0":
  version: 1.0.3
  resolution: "core-util-is@npm:1.0.3"
  checksum: 9de8597363a8e9b9952491ebe18167e3b36e7707569eed0ebf14f8bba773611376466ae34575bca8cfe3c767890c859c74056084738f09d4e4a6f902b2ad7d99
  languageName: node
  linkType: hard

"crc-32@npm:~1.2.0":
  version: 1.2.2
  resolution: "crc-32@npm:1.2.2"
  bin:
    crc32: bin/crc32.njs
  checksum: ad2d0ad0cbd465b75dcaeeff0600f8195b686816ab5f3ba4c6e052a07f728c3e70df2e3ca9fd3d4484dc4ba70586e161ca5a2334ec8bf5a41bf022a6103ff243
  languageName: node
  linkType: hard

"csstype@npm:^3.1.0":
  version: 3.1.2
  resolution: "csstype@npm:3.1.2"
  checksum: e1a52e6c25c1314d6beef5168da704ab29c5186b877c07d822bd0806717d9a265e8493a2e35ca7e68d0f5d472d43fac1cdce70fd79fd0853dff81f3028d857b5
  languageName: node
  linkType: hard

"dayjs@npm:^1.10.7":
  version: 1.11.7
  resolution: "dayjs@npm:1.11.7"
  checksum: 5003a7c1dd9ed51385beb658231c3548700b82d3548c0cfbe549d85f2d08e90e972510282b7506941452c58d32136d6362f009c77ca55381a09c704e9f177ebb
  languageName: node
  linkType: hard

"debug@npm:*":
  version: 4.3.4
  resolution: "debug@npm:4.3.4"
  dependencies:
    ms: 2.1.2
  peerDependenciesMeta:
    supports-color:
      optional: true
  checksum: 3dbad3f94ea64f34431a9cbf0bafb61853eda57bff2880036153438f50fb5a84f27683ba0d8e5426bf41a8c6ff03879488120cf5b3a761e77953169c0600a708
  languageName: node
  linkType: hard

"delayed-stream@npm:~1.0.0":
  version: 1.0.0
  resolution: "delayed-stream@npm:1.0.0"
  checksum: 46fe6e83e2cb1d85ba50bd52803c68be9bd953282fa7096f51fc29edd5d67ff84ff753c51966061e5ba7cb5e47ef6d36a91924eddb7f3f3483b1c560f77a0020
  languageName: node
  linkType: hard

"denque@npm:^1.4.1":
  version: 1.5.1
  resolution: "denque@npm:1.5.1"
  checksum: 4375ad19d5cea99f90effa82a8cecdaa10f4eb261fbcd7e47cd753ff2737f037aac8f7f4e031cc77f3966314c491c86a0d3b20c128aeee57f791b4662c45108e
  languageName: node
  linkType: hard

"discord-api-types@npm:^0.33.5":
  version: 0.33.5
  resolution: "discord-api-types@npm:0.33.5"
  checksum: 6dcaad640c5693a69c9a4f5e444e739dde11ba835164ae6fd3dd5a1ab7b4d7f96cd022ed653eeaff2c8051ead0d998a5d502a2915cfacdde596364b82d9e3b3f
  languageName: node
  linkType: hard

"discord-api-types@npm:^0.36.2":
  version: 0.36.3
  resolution: "discord-api-types@npm:0.36.3"
  checksum: 3089c0fb37425dc5df03c76d82988d43fcc272699b06a02fc830d0a3bef550009aaebdf6d646529e8a7ccea76ae3f43b099d736ea5ef37a0be143142ab49871d
  languageName: node
  linkType: hard

"discord.js@npm:^13.3.1":
  version: 13.14.0
  resolution: "discord.js@npm:13.14.0"
  dependencies:
    "@discordjs/builders": ^0.16.0
    "@discordjs/collection": ^0.7.0
    "@sapphire/async-queue": ^1.5.0
    "@types/node-fetch": ^2.6.2
    "@types/ws": ^8.5.3
    discord-api-types: ^0.33.5
    form-data: ^4.0.0
    node-fetch: ^2.6.7
    ws: ^8.9.0
  checksum: 1eb64e121b2c473f13e9a92639341594f69b4c91f3b616e0942e4123bb8f5696587f6c9d31fe2257273c7923488ff3c530795a144abf91df16e79e2ce84c9597
  languageName: node
  linkType: hard

"dotenv@npm:^10.0.0":
  version: 10.0.0
  resolution: "dotenv@npm:10.0.0"
  checksum: f412c5fe8c24fbe313d302d2500e247ba8a1946492db405a4de4d30dd0eb186a88a43f13c958c5a7de303938949c4231c56994f97d05c4bc1f22478d631b4005
  languageName: node
  linkType: hard

"eventemitter3@npm:^5.0.0":
  version: 5.0.0
  resolution: "eventemitter3@npm:5.0.0"
  checksum: b974bafbab860e0a5bbb21add4c4e82f9d5691c583c03f2e4c5d44a2d6c4556d79223621bdcfc6c8e14366a4af9df6b5ea9d6caf65fbffc80b66f3e1dceacbc9
  languageName: node
  linkType: hard

"exit-on-epipe@npm:~1.0.1":
  version: 1.0.1
  resolution: "exit-on-epipe@npm:1.0.1"
  checksum: e8ab4940416d19f311b3c9226e3725c6c4c6026fe682266ecc0ff33a455d585fe3e4ee757857c7bf1d0491b478cb232b8e395dfb438e65ac87317eda47304c32
  languageName: node
  linkType: hard

"fast-deep-equal@npm:^3.1.3":
  version: 3.1.3
  resolution: "fast-deep-equal@npm:3.1.3"
  checksum: e21a9d8d84f53493b6aa15efc9cfd53dd5b714a1f23f67fb5dc8f574af80df889b3bce25dc081887c6d25457cce704e636395333abad896ccdec03abaf1f3f9d
  languageName: node
  linkType: hard

"follow-redirects@npm:^1.14.4, follow-redirects@npm:^1.14.8":
  version: 1.15.2
  resolution: "follow-redirects@npm:1.15.2"
  peerDependenciesMeta:
    debug:
      optional: true
  checksum: faa66059b66358ba65c234c2f2a37fcec029dc22775f35d9ad6abac56003268baf41e55f9ee645957b32c7d9f62baf1f0b906e68267276f54ec4b4c597c2b190
  languageName: node
  linkType: hard

"form-data@npm:^3.0.0":
  version: 3.0.1
  resolution: "form-data@npm:3.0.1"
  dependencies:
    asynckit: ^0.4.0
    combined-stream: ^1.0.8
    mime-types: ^2.1.12
  checksum: b019e8d35c8afc14a2bd8a7a92fa4f525a4726b6d5a9740e8d2623c30e308fbb58dc8469f90415a856698933c8479b01646a9dff33c87cc4e76d72aedbbf860d
  languageName: node
  linkType: hard

"form-data@npm:^4.0.0":
  version: 4.0.0
  resolution: "form-data@npm:4.0.0"
  dependencies:
    asynckit: ^0.4.0
    combined-stream: ^1.0.8
    mime-types: ^2.1.12
  checksum: 01135bf8675f9d5c61ff18e2e2932f719ca4de964e3be90ef4c36aacfc7b9cb2fceb5eca0b7e0190e3383fe51c5b37f4cb80b62ca06a99aaabfcfd6ac7c9328c
  languageName: node
  linkType: hard

"frac@npm:~1.1.2":
  version: 1.1.2
  resolution: "frac@npm:1.1.2"
  checksum: fbfbb28003bb84506dd35e7aad8543c5a358bdc95451d0065b6127d40d2c45106f14221575c3e9ce3ea4bf0bbf1225b73c5d655965c9f4ce44332cbe1b34667d
  languageName: node
  linkType: hard

"globalyzer@npm:0.1.0":
  version: 0.1.0
  resolution: "globalyzer@npm:0.1.0"
  checksum: 419a0f95ba542534fac0842964d31b3dc2936a479b2b1a8a62bad7e8b61054faa9b0a06ad9f2e12593396b9b2621cac93358d9b3071d33723fb1778608d358a1
  languageName: node
  linkType: hard

"globrex@npm:^0.1.2":
  version: 0.1.2
  resolution: "globrex@npm:0.1.2"
  checksum: adca162494a176ce9ecf4dd232f7b802956bb1966b37f60c15e49d2e7d961b66c60826366dc2649093cad5a0d69970cfa8875bd1695b5a1a2f33dcd2aa88da3c
  languageName: node
  linkType: hard

"inherits@npm:~2.0.3":
  version: 2.0.4
  resolution: "inherits@npm:2.0.4"
  checksum: 4a48a733847879d6cf6691860a6b1e3f0f4754176e4d71494c41f3475553768b10f84b5ce1d40fbd0e34e6bfbb864ee35858ad4dd2cf31e02fc4a154b724d7f1
  languageName: node
  linkType: hard

"isarray@npm:~1.0.0":
  version: 1.0.0
  resolution: "isarray@npm:1.0.0"
  checksum: f032df8e02dce8ec565cf2eb605ea939bdccea528dbcf565cdf92bfa2da9110461159d86a537388ef1acef8815a330642d7885b29010e8f7eac967c9993b65ab
  languageName: node
  linkType: hard

"isomorphic-ws@npm:^5.0.0":
  version: 5.0.0
  resolution: "isomorphic-ws@npm:5.0.0"
  peerDependencies:
    ws: "*"
  checksum: e20eb2aee09ba96247465fda40c6d22c1153394c0144fa34fe6609f341af4c8c564f60ea3ba762335a7a9c306809349f9b863c8beedf2beea09b299834ad5398
  languageName: node
  linkType: hard

"js-yaml@npm:^4.1.0":
  version: 4.1.0
  resolution: "js-yaml@npm:4.1.0"
  dependencies:
    argparse: ^2.0.1
  bin:
    js-yaml: bin/js-yaml.js
  checksum: c7830dfd456c3ef2c6e355cc5a92e6700ceafa1d14bba54497b34a99f0376cecbb3e9ac14d3e5849b426d5a5140709a66237a8c991c675431271c4ce5504151a
  languageName: node
  linkType: hard

"jsonc-parser@npm:^3.2.0":
  version: 3.2.0
  resolution: "jsonc-parser@npm:3.2.0"
  checksum: 946dd9a5f326b745aa326d48a7257e3f4a4b62c5e98ec8e49fa2bdd8d96cef7e6febf1399f5c7016114fd1f68a1c62c6138826d5d90bc650448e3cf0951c53c7
  languageName: node
  linkType: hard

"lodash.defaultsdeep@npm:^4.6.1":
  version: 4.6.1
  resolution: "lodash.defaultsdeep@npm:4.6.1"
  checksum: 1f346f16158b760545ca99553cb13e907a28b281425751af6bfe681387b9e5685438a7ddbfd36a8d5cc8bda066867a134aa31416f17e318db8c461c377810a76
  languageName: node
  linkType: hard

"lodash@npm:^4.17.21":
  version: 4.17.21
  resolution: "lodash@npm:4.17.21"
  checksum: eb835a2e51d381e561e508ce932ea50a8e5a68f4ebdd771ea240d3048244a8d13658acbd502cd4829768c56f2e16bdd4340b9ea141297d472517b83868e677f7
  languageName: node
  linkType: hard

"log75@npm:^2.2.0":
  version: 2.2.0
  resolution: "log75@npm:2.2.0"
  dependencies:
    ansi-colors: ^4.1.1
  checksum: 0773132b79e33e86d70b2b548c7ac865429509616c176056dd2b3efb2a8af9bd097435d3d450ea52d96cdc19792f9c6c0c3317ac3bf922a2931d58a4a3c88f02
  languageName: node
  linkType: hard

"long@npm:^5.2.1":
  version: 5.2.1
  resolution: "long@npm:5.2.1"
  checksum: 9264da12d1b7df67e5aa6da4498144293caf1ad12e7f092efe4e9a2d32c53f0bbf7334f7cef997080a2a3af061142558ab366efa71698d98b1cdb883477445a7
  languageName: node
  linkType: hard

"lunr@npm:^2.3.9":
  version: 2.3.9
  resolution: "lunr@npm:2.3.9"
  checksum: 176719e24fcce7d3cf1baccce9dd5633cd8bdc1f41ebe6a180112e5ee99d80373fe2454f5d4624d437e5a8319698ca6837b9950566e15d2cae5f2a543a3db4b8
  languageName: node
  linkType: hard

"marked@npm:^4.3.0":
  version: 4.3.0
  resolution: "marked@npm:4.3.0"
  bin:
    marked: bin/marked.js
  checksum: 0db6817893952c3ec710eb9ceafb8468bf5ae38cb0f92b7b083baa13d70b19774674be04db5b817681fa7c5c6a088f61300815e4dd75a59696f4716ad69f6260
  languageName: node
  linkType: hard

"memory-pager@npm:^1.0.2":
  version: 1.5.0
  resolution: "memory-pager@npm:1.5.0"
  checksum: d1a2e684583ef55c61cd3a49101da645b11ad57014dfc565e0b43baa9004b743f7e4ab81493d8fff2ab24e9950987cc3209c94bcc4fc8d7e30a475489a1f15e9
  languageName: node
  linkType: hard

"mime-db@npm:1.52.0":
  version: 1.52.0
  resolution: "mime-db@npm:1.52.0"
  checksum: 0d99a03585f8b39d68182803b12ac601d9c01abfa28ec56204fa330bc9f3d1c5e14beb049bafadb3dbdf646dfb94b87e24d4ec7b31b7279ef906a8ea9b6a513f
  languageName: node
  linkType: hard

"mime-types@npm:^2.1.12":
  version: 2.1.35
  resolution: "mime-types@npm:2.1.35"
  dependencies:
    mime-db: 1.52.0
  checksum: 89a5b7f1def9f3af5dad6496c5ed50191ae4331cc5389d7c521c8ad28d5fdad2d06fd81baf38fed813dc4e46bb55c8145bb0ff406330818c9cf712fb2e9b3836
  languageName: node
  linkType: hard

"mime@npm:^3.0.0":
  version: 3.0.0
  resolution: "mime@npm:3.0.0"
  bin:
    mime: cli.js
  checksum: f43f9b7bfa64534e6b05bd6062961681aeb406a5b53673b53b683f27fcc4e739989941836a355eef831f4478923651ecc739f4a5f6e20a76487b432bfd4db928
  languageName: node
  linkType: hard

"minimatch@npm:^9.0.0":
  version: 9.0.0
  resolution: "minimatch@npm:9.0.0"
  dependencies:
    brace-expansion: ^2.0.1
  checksum: 7bd57899edd1d1b0560f50b5b2d1ea4ad2a366c5a2c8e0a943372cf2f200b64c256bae45a87a80915adbce27fa36526264296ace0da57b600481fe5ea3e372e5
  languageName: node
  linkType: hard

"mongodb@npm:^3.2.3":
  version: 3.7.3
  resolution: "mongodb@npm:3.7.3"
  dependencies:
    bl: ^2.2.1
    bson: ^1.1.4
    denque: ^1.4.1
    optional-require: ^1.1.8
    safe-buffer: ^5.1.2
    saslprep: ^1.0.0
  dependenciesMeta:
    saslprep:
      optional: true
  peerDependenciesMeta:
    aws4:
      optional: true
    bson-ext:
      optional: true
    kerberos:
      optional: true
    mongodb-client-encryption:
      optional: true
    mongodb-extjson:
      optional: true
    snappy:
      optional: true
  checksum: ef7690fe6ee7d1752f121b14e59b3fabfddc60ff0536babce6c945703ad0010de9e6fa7de4c91b99275c256876a72a06899ce27893aba0838c2b542088bd1044
  languageName: node
  linkType: hard

"monk-middleware-cast-ids@npm:^0.2.1":
  version: 0.2.1
  resolution: "monk-middleware-cast-ids@npm:0.2.1"
  checksum: fb5d60eb65d9465cfc9debea1e4fa99d3373b0c20a8e20847414c3fb7e7163888e9253d1d8f8b9bd8ad182739f04a21a945193122d09df65b44fa0e2829e4226
  languageName: node
  linkType: hard

"monk-middleware-fields@npm:^0.2.0":
  version: 0.2.0
  resolution: "monk-middleware-fields@npm:0.2.0"
  checksum: acc670026526296dc59b811d8a3ae54a04b153ba78e419828340eb3b3607bb1e84d0fe6128a851e3d663699c0df7ca1f9fd2e81686a2fa8ecd239db60091b452
  languageName: node
  linkType: hard

"monk-middleware-handle-callback@npm:^0.2.0":
  version: 0.2.2
  resolution: "monk-middleware-handle-callback@npm:0.2.2"
  checksum: 3c921ead69171e84af9f16c97894cf8ad6828b3cd0ee9990167cc6bfdda947dcbd9241123bfec74addc7755baaf689248a4c9b738289dcfa5eff69e6baa9b252
  languageName: node
  linkType: hard

"monk-middleware-options@npm:^0.2.1":
  version: 0.2.1
  resolution: "monk-middleware-options@npm:0.2.1"
  checksum: 6ecb2b55913cc514ddf79d40e356915d4a1beadf82151b32ce46ba5652f2a97d7d77f28901951002be6ee7bcb14e80d577ae3a66fd7da7a2ef3b20252bf2b504
  languageName: node
  linkType: hard

"monk-middleware-query@npm:^0.2.0":
  version: 0.2.0
  resolution: "monk-middleware-query@npm:0.2.0"
  checksum: 7950b535ca397938b73c651b6b755ec18204886760a665fc386ea78dd24ca2d04ca64cb9567759d84b844bd0b5108c7306eafb860955959309cbc9d2bf66f073
  languageName: node
  linkType: hard

"monk-middleware-wait-for-connection@npm:^0.2.0":
  version: 0.2.0
  resolution: "monk-middleware-wait-for-connection@npm:0.2.0"
  checksum: 1c3f23ddb3568fc01cabb777df550f7ef6eaf6f4701e4a2f6354c01c86f391225af96d9a8f3f1a7f542487e8a3f6ec18b44ec8d55102b3e1ee166d9c6751752a
  languageName: node
  linkType: hard

"monk@npm:*, monk@npm:^7.3.4":
  version: 7.3.4
  resolution: "monk@npm:7.3.4"
  dependencies:
    "@types/mongodb": ^3.5.25
    debug: "*"
    mongodb: ^3.2.3
    monk-middleware-cast-ids: ^0.2.1
    monk-middleware-fields: ^0.2.0
    monk-middleware-handle-callback: ^0.2.0
    monk-middleware-options: ^0.2.1
    monk-middleware-query: ^0.2.0
    monk-middleware-wait-for-connection: ^0.2.0
    object-assign: ^4.1.1
  checksum: 6eb230e9dd6c25e0a1374f903f0caeb4067eef2df6d8b3672785eb9bff2041ab509b067f29756c0946ff2276912b251d1c84bded3d204f56b082e632c469de77
  languageName: node
  linkType: hard

"ms@npm:2.1.2":
  version: 2.1.2
  resolution: "ms@npm:2.1.2"
  checksum: 673cdb2c3133eb050c745908d8ce632ed2c02d85640e2edb3ace856a2266a813b30c613569bf3354fdf4ea7d1a1494add3bfa95e2713baa27d0c2c71fc44f58f
  languageName: node
  linkType: hard

"node-fetch@npm:^2.6.7":
  version: 2.6.9
  resolution: "node-fetch@npm:2.6.9"
  dependencies:
    whatwg-url: ^5.0.0
  peerDependencies:
    encoding: ^0.1.0
  peerDependenciesMeta:
    encoding:
      optional: true
  checksum: acb04f9ce7224965b2b59e71b33c639794d8991efd73855b0b250921382b38331ffc9d61bce502571f6cc6e11a8905ca9b1b6d4aeb586ab093e2756a1fd190d0
  languageName: node
  linkType: hard

"object-assign@npm:^4.1.1":
  version: 4.1.1
  resolution: "object-assign@npm:4.1.1"
  checksum: fcc6e4ea8c7fe48abfbb552578b1c53e0d194086e2e6bbbf59e0a536381a292f39943c6e9628af05b5528aa5e3318bb30d6b2e53cadaf5b8fe9e12c4b69af23f
  languageName: node
  linkType: hard

"openapi-typescript@npm:^5.2.0":
  version: 5.4.1
  resolution: "openapi-typescript@npm:5.4.1"
  dependencies:
    js-yaml: ^4.1.0
    mime: ^3.0.0
    prettier: ^2.6.2
    tiny-glob: ^0.2.9
    undici: ^5.4.0
    yargs-parser: ^21.0.1
  bin:
    openapi-typescript: bin/cli.js
  checksum: ab0e7613a478fcfa675887e50ff00fd6403ad6313357944408c11b420c08bbfa2bb58bff66c4e9a8c5670c79fe1a8d2f4ee85beceb004e72c529a97019b57c20
  languageName: node
  linkType: hard

"optional-require@npm:^1.1.8":
  version: 1.1.8
  resolution: "optional-require@npm:1.1.8"
  dependencies:
    require-at: ^1.0.6
  checksum: 437db76f713052925185ae80837b593877f75101154e8937f50d33b0b07bd500c214efc9016748642109b6e3e1197eb0513a2963eb06bcf3890f88a2724b1c87
  languageName: node
  linkType: hard

"prettier@npm:^2.6.2":
  version: 2.8.4
  resolution: "prettier@npm:2.8.4"
  bin:
    prettier: bin-prettier.js
  checksum: c173064bf3df57b6d93d19aa98753b9b9dd7657212e33b41ada8e2e9f9884066bb9ca0b4005b89b3ab137efffdf8fbe0b462785aba20364798ff4303aadda57e
  languageName: node
  linkType: hard

"printj@npm:~1.1.0":
  version: 1.1.2
  resolution: "printj@npm:1.1.2"
  bin:
    printj: ./bin/printj.njs
  checksum: 1c0c66844545415e339356ad62009cdc467819817b1e0341aba428087a1414d46b84089edb4e77ef24705829f8aae6349724b9c7bd89d8690302b2de7a89b315
  languageName: node
  linkType: hard

"process-nextick-args@npm:~2.0.0":
  version: 2.0.1
  resolution: "process-nextick-args@npm:2.0.1"
  checksum: 1d38588e520dab7cea67cbbe2efdd86a10cc7a074c09657635e34f035277b59fbb57d09d8638346bf7090f8e8ebc070c96fa5fd183b777fff4f5edff5e9466cf
  languageName: node
  linkType: hard

"prom-client@npm:^14.0.1":
  version: 14.2.0
  resolution: "prom-client@npm:14.2.0"
  dependencies:
    tdigest: ^0.1.1
  checksum: d4c04e57616c72643dd02862d0d4bde09cf8869a19d0aef5e7b785e6e27d02439b66cdc165e3492f62d579fa91579183820870cc757a09b99399d2d02f46b9f1
  languageName: node
  linkType: hard

"readable-stream@npm:^2.3.5":
  version: 2.3.8
  resolution: "readable-stream@npm:2.3.8"
  dependencies:
    core-util-is: ~1.0.0
    inherits: ~2.0.3
    isarray: ~1.0.0
    process-nextick-args: ~2.0.0
    safe-buffer: ~5.1.1
    string_decoder: ~1.1.1
    util-deprecate: ~1.0.1
  checksum: 65645467038704f0c8aaf026a72fbb588a9e2ef7a75cd57a01702ee9db1c4a1e4b03aaad36861a6a0926546a74d174149c8c207527963e0c2d3eee2f37678a42
  languageName: node
  linkType: hard

"require-at@npm:^1.0.6":
  version: 1.0.6
  resolution: "require-at@npm:1.0.6"
  checksum: 7753a6ebad99855ef015d5533a787c65e883c94c23371368eebf6f1c7e2a078811013b204823152cbab206a00e825e8e5ca09416fd835a489fa30bf064fbe6d9
  languageName: node
  linkType: hard

"revolt-api@npm:0.6.3":
  version: 0.6.3
  resolution: "revolt-api@npm:0.6.3"
  dependencies:
    "@insertish/oapi": 0.1.18
    axios: ^0.26.1
    lodash.defaultsdeep: ^4.6.1
  checksum: b568df2a05e2a4a9a5eb2ccb88a032d1f5e2e390471852e6f2ba366c6c2fb1c78f38af16f1f57768c4743f07b9d165eda3658c664c025d27f32ef00ecf33942b
  languageName: node
  linkType: hard

"revolt-automod@workspace:.":
  version: 0.0.0-use.local
  resolution: "revolt-automod@workspace:."
  dependencies:
    "@types/monk": ^6.0.0
    automod: ^0.1.0
    axios: ^0.22.0
    dayjs: ^1.10.7
    discord.js: ^13.3.1
    dotenv: ^10.0.0
    form-data: ^4.0.0
    log75: ^2.2.0
    monk: ^7.3.4
    prom-client: ^14.0.1
    revolt-api: 0.6.3
    revolt.js: ^7.0.0
    typescript: ^4.4.3
    ulid: ^2.3.0
    xlsx: ^0.17.3
  languageName: unknown
  linkType: soft

"revolt.js@portal:../revolt.js::locator=revolt-automod%40workspace%3A.":
  version: 0.0.0-use.local
  resolution: "revolt.js@portal:../revolt.js::locator=revolt-automod%40workspace%3A."
  dependencies:
    "@mxssfd/typedoc-theme": ^1.1.1
    "@solid-primitives/map": ^0.4.3
    "@solid-primitives/set": ^0.4.3
    eventemitter3: ^5.0.0
    isomorphic-ws: ^5.0.0
    long: ^5.2.1
    revolt-api: 0.6.3
    solid-js: ^1.7.3
    typedoc: ^0.24.1
    ulid: ^2.3.0
    ws: ^8.13.0
  languageName: node
  linkType: soft

"safe-buffer@npm:^5.1.1, safe-buffer@npm:^5.1.2":
  version: 5.2.1
  resolution: "safe-buffer@npm:5.2.1"
  checksum: b99c4b41fdd67a6aaf280fcd05e9ffb0813654894223afb78a31f14a19ad220bba8aba1cb14eddce1fcfb037155fe6de4e861784eb434f7d11ed58d1e70dd491
  languageName: node
  linkType: hard

"safe-buffer@npm:~5.1.0, safe-buffer@npm:~5.1.1":
  version: 5.1.2
  resolution: "safe-buffer@npm:5.1.2"
  checksum: f2f1f7943ca44a594893a852894055cf619c1fbcb611237fc39e461ae751187e7baf4dc391a72125e0ac4fb2d8c5c0b3c71529622e6a58f46b960211e704903c
  languageName: node
  linkType: hard

"saslprep@npm:^1.0.0":
  version: 1.0.3
  resolution: "saslprep@npm:1.0.3"
  dependencies:
    sparse-bitfield: ^3.0.3
  checksum: 4fdc0b70fb5e523f977de405e12cca111f1f10dd68a0cfae0ca52c1a7919a94d1556598ba2d35f447655c3b32879846c77f9274c90806f6673248ae3cea6ee43
  languageName: node
  linkType: hard

"seroval@npm:^0.5.0":
  version: 0.5.1
  resolution: "seroval@npm:0.5.1"
  checksum: a4c1e42d6a65ed12de3c1f1b6a5b6b996e575c5bc838e1998e92daed7bc05421f3f6c82096387082dba33c475d64a31d0d932ac9b693352549259216e38dc091
  languageName: node
  linkType: hard

"shiki@npm:^0.14.1":
  version: 0.14.2
  resolution: "shiki@npm:0.14.2"
  dependencies:
    ansi-sequence-parser: ^1.1.0
    jsonc-parser: ^3.2.0
    vscode-oniguruma: ^1.7.0
    vscode-textmate: ^8.0.0
  checksum: f2a14302b1803617e3ff1b751a5c87b4af4ad15214dc00e9215402e42940a84a0b956cf55d628f25dbf1296b18e277b8529571cd9359b971ac599a0ab11303e7
  languageName: node
  linkType: hard

"solid-js@npm:^1.7.3":
  version: 1.7.3
  resolution: "solid-js@npm:1.7.3"
  dependencies:
    csstype: ^3.1.0
    seroval: ^0.5.0
  checksum: 052a3148b6d0960312793781435005c16a7a80c2271e2bf2370ec22ec57ffd77e3e4a41335c1bd785ab36500adef86da79536445983efbed404db860e11593d4
  languageName: node
  linkType: hard

"sparse-bitfield@npm:^3.0.3":
  version: 3.0.3
  resolution: "sparse-bitfield@npm:3.0.3"
  dependencies:
    memory-pager: ^1.0.2
  checksum: 174da88dbbcc783d5dbd26921931cc83830280b8055fb05333786ebe6fc015b9601b24972b3d55920dd2d9f5fb120576fbfa2469b08e5222c9cadf3f05210aab
  languageName: node
  linkType: hard

"ssf@npm:~0.11.2":
  version: 0.11.2
  resolution: "ssf@npm:0.11.2"
  dependencies:
    frac: ~1.1.2
  checksum: 6ecef6ae0a90e67dc4b05bc3cca883e2dffad9773b41124af36ee308884e4a29f98bde66d6c8d2bd1ccf5f860ea4f6c49338bd8d733007fc42ebe02dd5295dcf
  languageName: node
  linkType: hard

"streamsearch@npm:^1.1.0":
  version: 1.1.0
  resolution: "streamsearch@npm:1.1.0"
  checksum: 1cce16cea8405d7a233d32ca5e00a00169cc0e19fbc02aa839959985f267335d435c07f96e5e0edd0eadc6d39c98d5435fb5bbbdefc62c41834eadc5622ad942
  languageName: node
  linkType: hard

"string_decoder@npm:~1.1.1":
  version: 1.1.1
  resolution: "string_decoder@npm:1.1.1"
  dependencies:
    safe-buffer: ~5.1.0
  checksum: 9ab7e56f9d60a28f2be697419917c50cac19f3e8e6c28ef26ed5f4852289fe0de5d6997d29becf59028556f2c62983790c1d9ba1e2a3cc401768ca12d5183a5b
  languageName: node
  linkType: hard

"tdigest@npm:^0.1.1":
  version: 0.1.2
  resolution: "tdigest@npm:0.1.2"
  dependencies:
    bintrees: 1.0.2
  checksum: 44de8246752b6f8c2924685f969fd3d94c36949f22b0907e99bef2b2220726dd8467f4730ea96b06040b9aa2587c0866049640039d1b956952dfa962bc2075a3
  languageName: node
  linkType: hard

"tiny-glob@npm:^0.2.9":
  version: 0.2.9
  resolution: "tiny-glob@npm:0.2.9"
  dependencies:
    globalyzer: 0.1.0
    globrex: ^0.1.2
  checksum: aea5801eb6663ddf77ebb74900b8f8bd9dfcfc9b6a1cc8018cb7421590c00bf446109ff45e4b64a98e6c95ddb1255a337a5d488fb6311930e2a95334151ec9c6
  languageName: node
  linkType: hard

"tr46@npm:~0.0.3":
  version: 0.0.3
  resolution: "tr46@npm:0.0.3"
  checksum: 726321c5eaf41b5002e17ffbd1fb7245999a073e8979085dacd47c4b4e8068ff5777142fc6726d6ca1fd2ff16921b48788b87225cbc57c72636f6efa8efbffe3
  languageName: node
  linkType: hard

"ts-mixer@npm:^6.0.1":
  version: 6.0.3
  resolution: "ts-mixer@npm:6.0.3"
  checksum: 7fbaba0a413bf817835a6a23d46bccf4192dd4d7345b6bae9d594c88acffac35bf4995ef3cce753090c8abcdf2afd16dba8899365584a1f960ccc2a15bf2e2d6
  languageName: node
  linkType: hard

"tslib@npm:^2.4.0":
  version: 2.5.0
  resolution: "tslib@npm:2.5.0"
  checksum: ae3ed5f9ce29932d049908ebfdf21b3a003a85653a9a140d614da6b767a93ef94f460e52c3d787f0e4f383546981713f165037dc2274df212ea9f8a4541004e1
  languageName: node
  linkType: hard

"typedoc@npm:^0.24.1":
  version: 0.24.6
  resolution: "typedoc@npm:0.24.6"
  dependencies:
    lunr: ^2.3.9
    marked: ^4.3.0
    minimatch: ^9.0.0
    shiki: ^0.14.1
  peerDependencies:
    typescript: 4.6.x || 4.7.x || 4.8.x || 4.9.x || 5.0.x
  bin:
    typedoc: bin/typedoc
  checksum: 3911ef6a7736ce6655a4b22fabc5be6df8812412e209d730fd168bfa7797847897f05fed797bc16558f11ce647b20746453748ff8afe85b1375c3efe2d7b57df
  languageName: node
  linkType: hard

"typescript@npm:^4.4.3, typescript@npm:^4.6.2":
  version: 4.9.5
  resolution: "typescript@npm:4.9.5"
  bin:
    tsc: bin/tsc
    tsserver: bin/tsserver
  checksum: ee000bc26848147ad423b581bd250075662a354d84f0e06eb76d3b892328d8d4440b7487b5a83e851b12b255f55d71835b008a66cbf8f255a11e4400159237db
  languageName: node
  linkType: hard

"typescript@patch:typescript@^4.4.3#~builtin<compat/typescript>, typescript@patch:typescript@^4.6.2#~builtin<compat/typescript>":
  version: 4.9.5
  resolution: "typescript@patch:typescript@npm%3A4.9.5#~builtin<compat/typescript>::version=4.9.5&hash=7ad353"
  bin:
    tsc: bin/tsc
    tsserver: bin/tsserver
  checksum: 2eee5c37cad4390385db5db5a8e81470e42e8f1401b0358d7390095d6f681b410f2c4a0c496c6ff9ebd775423c7785cdace7bcdad76c7bee283df3d9718c0f20
  languageName: node
  linkType: hard

"ulid@npm:^2.3.0":
  version: 2.3.0
  resolution: "ulid@npm:2.3.0"
  bin:
    ulid: ./bin/cli.js
  checksum: d6dbf253fdc189f60fe2829d934ee5447b3dab62d05449a2e0fe89670d77087dd6eba4f844a69f9ffdb01384ec6fd97bdd9be638fc67d593569a45e8969f1e69
  languageName: node
  linkType: hard

"undici@npm:^5.4.0":
  version: 5.21.0
  resolution: "undici@npm:5.21.0"
  dependencies:
    busboy: ^1.6.0
  checksum: 013d5fd503b631d607942c511c2ab3f3fa78ebcab302acab998b43176b4815503ec15ed9752c5a47918b3bff8a0137768001d3eb57625b2bb6f6d30d8a794d6c
  languageName: node
  linkType: hard

"util-deprecate@npm:~1.0.1":
  version: 1.0.2
  resolution: "util-deprecate@npm:1.0.2"
  checksum: 474acf1146cb2701fe3b074892217553dfcf9a031280919ba1b8d651a068c9b15d863b7303cb15bd00a862b498e6cf4ad7b4a08fb134edd5a6f7641681cb54a2
  languageName: node
  linkType: hard

"vscode-oniguruma@npm:^1.7.0":
  version: 1.7.0
  resolution: "vscode-oniguruma@npm:1.7.0"
  checksum: 53519d91d90593e6fb080260892e87d447e9b200c4964d766772b5053f5699066539d92100f77f1302c91e8fc5d9c772fbe40fe4c90f3d411a96d5a9b1e63f42
  languageName: node
  linkType: hard

"vscode-textmate@npm:^8.0.0":
  version: 8.0.0
  resolution: "vscode-textmate@npm:8.0.0"
  checksum: 127780dfea89559d70b8326df6ec344cfd701312dd7f3f591a718693812b7852c30b6715e3cfc8b3200a4e2515b4c96f0843c0eacc0a3020969b5de262c2a4bb
  languageName: node
  linkType: hard

"webidl-conversions@npm:^3.0.0":
  version: 3.0.1
  resolution: "webidl-conversions@npm:3.0.1"
  checksum: c92a0a6ab95314bde9c32e1d0a6dfac83b578f8fa5f21e675bc2706ed6981bc26b7eb7e6a1fab158e5ce4adf9caa4a0aee49a52505d4d13c7be545f15021b17c
  languageName: node
  linkType: hard

"whatwg-url@npm:^5.0.0":
  version: 5.0.0
  resolution: "whatwg-url@npm:5.0.0"
  dependencies:
    tr46: ~0.0.3
    webidl-conversions: ^3.0.0
  checksum: b8daed4ad3356cc4899048a15b2c143a9aed0dfae1f611ebd55073310c7b910f522ad75d727346ad64203d7e6c79ef25eafd465f4d12775ca44b90fa82ed9e2c
  languageName: node
  linkType: hard

"wmf@npm:~1.0.1":
  version: 1.0.2
  resolution: "wmf@npm:1.0.2"
  checksum: d336acb2c76fa868ef006fbb06c4e64c7c1ed5ff77d16c48a273cf1f4d0a44e35df209b8fde28d93dd4a924d652a9c4fc8a92ad57885a5e437df0b0900769e3b
  languageName: node
  linkType: hard

"word@npm:~0.3.0":
  version: 0.3.0
  resolution: "word@npm:0.3.0"
  checksum: f84e7061883380c1bcb0d98bd183b7f2b281688011924af7a96d3ed3ee20aeb12cc59a0451b66e5e57520338a056725ff8e0c07b358c0afecf5488a9557c19fe
  languageName: node
  linkType: hard

"ws@npm:^8.13.0, ws@npm:^8.9.0":
  version: 8.13.0
  resolution: "ws@npm:8.13.0"
  peerDependencies:
    bufferutil: ^4.0.1
    utf-8-validate: ">=5.0.2"
  peerDependenciesMeta:
    bufferutil:
      optional: true
    utf-8-validate:
      optional: true
  checksum: 53e991bbf928faf5dc6efac9b8eb9ab6497c69feeb94f963d648b7a3530a720b19ec2e0ec037344257e05a4f35bd9ad04d9de6f289615ffb133282031b18c61c
  languageName: node
  linkType: hard

"xlsx@npm:^0.17.3":
  version: 0.17.5
  resolution: "xlsx@npm:0.17.5"
  dependencies:
    adler-32: ~1.2.0
    cfb: ^1.1.4
    codepage: ~1.15.0
    crc-32: ~1.2.0
    ssf: ~0.11.2
    wmf: ~1.0.1
    word: ~0.3.0
  bin:
    xlsx: bin/xlsx.njs
  checksum: f2dc48671994ba13aa98c4aaa14d7cb13f75f248964f555809ec3d4069e80e99a0bcb6657273e3872af3765118aa30630d566b991a14b6193f1ad79022542e46
  languageName: node
  linkType: hard

"yargs-parser@npm:^21.0.1":
  version: 21.1.1
  resolution: "yargs-parser@npm:21.1.1"
  checksum: ed2d96a616a9e3e1cc7d204c62ecc61f7aaab633dcbfab2c6df50f7f87b393993fe6640d017759fe112d0cb1e0119f2b4150a87305cc873fd90831c6a58ccf1c
  languageName: node
  linkType: hard
